// !$*UTF8*$!
{
	archiveVersion = 1;
	classes = {
	};
	objectVersion = 46;
	objects = {

/* Begin PBXBuildFile section */
		1B73FD7F6B9F423CA808CF81 /* libPods.a in Frameworks */ = {isa = PBXBuildFile; fileRef = 8AD31494C62C44289FB9D5A2 /* libPods.a */; };
		320A310818F0567A00DFAC76 /* CCHomeViewController.m in Sources */ = {isa = PBXBuildFile; fileRef = 320A310718F0567A00DFAC76 /* CCHomeViewController.m */; };
		320A310C18F05FE400DFAC76 /* CCSettingsViewController.m in Sources */ = {isa = PBXBuildFile; fileRef = 320A310B18F05FE400DFAC76 /* CCSettingsViewController.m */; };
		320A311018F0674B00DFAC76 /* CCEditProfileViewController.m in Sources */ = {isa = PBXBuildFile; fileRef = 320A310F18F0674B00DFAC76 /* CCEditProfileViewController.m */; };
		320A311418F069BA00DFAC76 /* CCProfileViewController.m in Sources */ = {isa = PBXBuildFile; fileRef = 320A311318F069BA00DFAC76 /* CCProfileViewController.m */; };
		32DB749118FDE945002BD9F7 /* BG.png in Resources */ = {isa = PBXBuildFile; fileRef = 32DB73F018FDE944002BD9F7 /* BG.png */; };
		32DB749218FDE945002BD9F7 /* BG@2x.png in Resources */ = {isa = PBXBuildFile; fileRef = 32DB73F118FDE944002BD9F7 /* BG@2x.png */; };
		32DB749318FDE945002BD9F7 /* BG.png in Resources */ = {isa = PBXBuildFile; fileRef = 32DB73F218FDE944002BD9F7 /* BG.png */; };
		32DB749418FDE945002BD9F7 /* BG@2x.png in Resources */ = {isa = PBXBuildFile; fileRef = 32DB73F318FDE944002BD9F7 /* BG@2x.png */; };
		32DB749518FDE945002BD9F7 /* Facebook.png in Resources */ = {isa = PBXBuildFile; fileRef = 32DB73F518FDE944002BD9F7 /* Facebook.png */; };
		32DB749618FDE945002BD9F7 /* Facebook@2x.png in Resources */ = {isa = PBXBuildFile; fileRef = 32DB73F618FDE944002BD9F7 /* Facebook@2x.png */; };
		32DB749718FDE945002BD9F7 /* Logo.png in Resources */ = {isa = PBXBuildFile; fileRef = 32DB73F718FDE944002BD9F7 /* Logo.png */; };
		32DB749818FDE945002BD9F7 /* Logo@2x.png in Resources */ = {isa = PBXBuildFile; fileRef = 32DB73F818FDE944002BD9F7 /* Logo@2x.png */; };
		32DB749918FDE945002BD9F7 /* BG.png in Resources */ = {isa = PBXBuildFile; fileRef = 32DB73FA18FDE944002BD9F7 /* BG.png */; };
		32DB749A18FDE945002BD9F7 /* BG@2x.png in Resources */ = {isa = PBXBuildFile; fileRef = 32DB73FB18FDE944002BD9F7 /* BG@2x.png */; };
		32DB749B18FDE945002BD9F7 /* ChatIcon.png in Resources */ = {isa = PBXBuildFile; fileRef = 32DB73FC18FDE944002BD9F7 /* ChatIcon.png */; };
		32DB749C18FDE945002BD9F7 /* ChatIcon@2x.png in Resources */ = {isa = PBXBuildFile; fileRef = 32DB73FD18FDE944002BD9F7 /* ChatIcon@2x.png */; };
		32DB749D18FDE945002BD9F7 /* DislikeIcon.png in Resources */ = {isa = PBXBuildFile; fileRef = 32DB73FE18FDE944002BD9F7 /* DislikeIcon.png */; };
		32DB749E18FDE945002BD9F7 /* DislikeIcon@2x.png in Resources */ = {isa = PBXBuildFile; fileRef = 32DB73FF18FDE944002BD9F7 /* DislikeIcon@2x.png */; };
		32DB749F18FDE945002BD9F7 /* InfoIcon.png in Resources */ = {isa = PBXBuildFile; fileRef = 32DB740018FDE944002BD9F7 /* InfoIcon.png */; };
		32DB74A018FDE945002BD9F7 /* InfoIcon@2x.png in Resources */ = {isa = PBXBuildFile; fileRef = 32DB740118FDE944002BD9F7 /* InfoIcon@2x.png */; };
		32DB74A118FDE945002BD9F7 /* LikeIcon.png in Resources */ = {isa = PBXBuildFile; fileRef = 32DB740218FDE944002BD9F7 /* LikeIcon.png */; };
		32DB74A218FDE945002BD9F7 /* LikeIcon@2x.png in Resources */ = {isa = PBXBuildFile; fileRef = 32DB740318FDE944002BD9F7 /* LikeIcon@2x.png */; };
		32DB74A318FDE945002BD9F7 /* Matched-Up.png in Resources */ = {isa = PBXBuildFile; fileRef = 32DB740418FDE944002BD9F7 /* Matched-Up.png */; };
		32DB74A418FDE945002BD9F7 /* Matched-Up@2x.png in Resources */ = {isa = PBXBuildFile; fileRef = 32DB740518FDE944002BD9F7 /* Matched-Up@2x.png */; };
		32DB74A518FDE945002BD9F7 /* SettingIcon.png in Resources */ = {isa = PBXBuildFile; fileRef = 32DB740618FDE944002BD9F7 /* SettingIcon.png */; };
		32DB74A618FDE945002BD9F7 /* SettingIcon@2x.png in Resources */ = {isa = PBXBuildFile; fileRef = 32DB740718FDE944002BD9F7 /* SettingIcon@2x.png */; };
		32DB74A718FDE945002BD9F7 /* Top_NavBG.png in Resources */ = {isa = PBXBuildFile; fileRef = 32DB740818FDE944002BD9F7 /* Top_NavBG.png */; };
		32DB74A818FDE945002BD9F7 /* Top_NavBG@2x.png in Resources */ = {isa = PBXBuildFile; fileRef = 32DB740918FDE944002BD9F7 /* Top_NavBG@2x.png */; };
		32DB74A918FDE945002BD9F7 /* User_Image.png in Resources */ = {isa = PBXBuildFile; fileRef = 32DB740A18FDE944002BD9F7 /* User_Image.png */; };
		32DB74AA18FDE945002BD9F7 /* User_Image@2x.png in Resources */ = {isa = PBXBuildFile; fileRef = 32DB740B18FDE944002BD9F7 /* User_Image@2x.png */; };
		32DB74AB18FDE945002BD9F7 /* VP_BG.png in Resources */ = {isa = PBXBuildFile; fileRef = 32DB740C18FDE944002BD9F7 /* VP_BG.png */; };
		32DB74AC18FDE945002BD9F7 /* VP_BG@2x.png in Resources */ = {isa = PBXBuildFile; fileRef = 32DB740D18FDE944002BD9F7 /* VP_BG@2x.png */; };
		32DB74AD18FDE945002BD9F7 /* About_BG.png in Resources */ = {isa = PBXBuildFile; fileRef = 32DB740F18FDE944002BD9F7 /* About_BG.png */; };
		32DB74AE18FDE945002BD9F7 /* About_BG@2x.png in Resources */ = {isa = PBXBuildFile; fileRef = 32DB741018FDE944002BD9F7 /* About_BG@2x.png */; };
		32DB74AF18FDE945002BD9F7 /* AgeIcon.png in Resources */ = {isa = PBXBuildFile; fileRef = 32DB741118FDE944002BD9F7 /* AgeIcon.png */; };
		32DB74B018FDE945002BD9F7 /* AgeIcon@2x.png in Resources */ = {isa = PBXBuildFile; fileRef = 32DB741218FDE944002BD9F7 /* AgeIcon@2x.png */; };
		32DB74B118FDE945002BD9F7 /* BG.png in Resources */ = {isa = PBXBuildFile; fileRef = 32DB741318FDE944002BD9F7 /* BG.png */; };
		32DB74B218FDE945002BD9F7 /* BG@2x.png in Resources */ = {isa = PBXBuildFile; fileRef = 32DB741418FDE944002BD9F7 /* BG@2x.png */; };
		32DB74B318FDE945002BD9F7 /* ChatIcon.png in Resources */ = {isa = PBXBuildFile; fileRef = 32DB741518FDE944002BD9F7 /* ChatIcon.png */; };
		32DB74B418FDE945002BD9F7 /* ChatIcon@2x.png in Resources */ = {isa = PBXBuildFile; fileRef = 32DB741618FDE944002BD9F7 /* ChatIcon@2x.png */; };
		32DB74B518FDE945002BD9F7 /* DislikeIcon.png in Resources */ = {isa = PBXBuildFile; fileRef = 32DB741718FDE944002BD9F7 /* DislikeIcon.png */; };
		32DB74B618FDE945002BD9F7 /* DislikeIcon@2x.png in Resources */ = {isa = PBXBuildFile; fileRef = 32DB741818FDE944002BD9F7 /* DislikeIcon@2x.png */; };
		32DB74B718FDE945002BD9F7 /* InfoIcon.png in Resources */ = {isa = PBXBuildFile; fileRef = 32DB741918FDE944002BD9F7 /* InfoIcon.png */; };
		32DB74B818FDE945002BD9F7 /* InfoIcon@2x.png in Resources */ = {isa = PBXBuildFile; fileRef = 32DB741A18FDE944002BD9F7 /* InfoIcon@2x.png */; };
		32DB74B918FDE945002BD9F7 /* LikeIcon.png in Resources */ = {isa = PBXBuildFile; fileRef = 32DB741B18FDE944002BD9F7 /* LikeIcon.png */; };
		32DB74BA18FDE945002BD9F7 /* LikeIcon@2x.png in Resources */ = {isa = PBXBuildFile; fileRef = 32DB741C18FDE944002BD9F7 /* LikeIcon@2x.png */; };
		32DB74BB18FDE945002BD9F7 /* location.png in Resources */ = {isa = PBXBuildFile; fileRef = 32DB741D18FDE944002BD9F7 /* location.png */; };
		32DB74BC18FDE945002BD9F7 /* location@2x.png in Resources */ = {isa = PBXBuildFile; fileRef = 32DB741E18FDE944002BD9F7 /* location@2x.png */; };
		32DB74BD18FDE945002BD9F7 /* NameAgeStatusBar.png in Resources */ = {isa = PBXBuildFile; fileRef = 32DB741F18FDE944002BD9F7 /* NameAgeStatusBar.png */; };
		32DB74BE18FDE945002BD9F7 /* NameAgeStatusBar@2x.png in Resources */ = {isa = PBXBuildFile; fileRef = 32DB742018FDE944002BD9F7 /* NameAgeStatusBar@2x.png */; };
		32DB74BF18FDE945002BD9F7 /* SettingIcon.png in Resources */ = {isa = PBXBuildFile; fileRef = 32DB742118FDE944002BD9F7 /* SettingIcon.png */; };
		32DB74C018FDE945002BD9F7 /* SettingIcon@2x.png in Resources */ = {isa = PBXBuildFile; fileRef = 32DB742218FDE944002BD9F7 /* SettingIcon@2x.png */; };
		32DB74C118FDE945002BD9F7 /* Single.png in Resources */ = {isa = PBXBuildFile; fileRef = 32DB742318FDE944002BD9F7 /* Single.png */; };
		32DB74C218FDE945002BD9F7 /* Single@2x.png in Resources */ = {isa = PBXBuildFile; fileRef = 32DB742418FDE944002BD9F7 /* Single@2x.png */; };
		32DB74C318FDE945002BD9F7 /* StatusIcon.png in Resources */ = {isa = PBXBuildFile; fileRef = 32DB742518FDE944002BD9F7 /* StatusIcon.png */; };
		32DB74C418FDE945002BD9F7 /* StatusIcon@2x.png in Resources */ = {isa = PBXBuildFile; fileRef = 32DB742618FDE944002BD9F7 /* StatusIcon@2x.png */; };
		32DB74C518FDE945002BD9F7 /* UserImage.png in Resources */ = {isa = PBXBuildFile; fileRef = 32DB742718FDE944002BD9F7 /* UserImage.png */; };
		32DB74C618FDE945002BD9F7 /* UserImage@2x.png in Resources */ = {isa = PBXBuildFile; fileRef = 32DB742818FDE944002BD9F7 /* UserImage@2x.png */; };
		32DB74C718FDE945002BD9F7 /* VP_BG.png in Resources */ = {isa = PBXBuildFile; fileRef = 32DB742918FDE944002BD9F7 /* VP_BG.png */; };
		32DB74C818FDE945002BD9F7 /* VP_BG@2x.png in Resources */ = {isa = PBXBuildFile; fileRef = 32DB742A18FDE944002BD9F7 /* VP_BG@2x.png */; };
		32DB74C918FDE945002BD9F7 /* back-icon.png in Resources */ = {isa = PBXBuildFile; fileRef = 32DB742C18FDE944002BD9F7 /* back-icon.png */; };
		32DB74CA18FDE945002BD9F7 /* back-icon@2x.png in Resources */ = {isa = PBXBuildFile; fileRef = 32DB742D18FDE944002BD9F7 /* back-icon@2x.png */; };
		32DB74CB18FDE945002BD9F7 /* BG.png in Resources */ = {isa = PBXBuildFile; fileRef = 32DB742E18FDE944002BD9F7 /* BG.png */; };
		32DB74CC18FDE945002BD9F7 /* BG@2x.png in Resources */ = {isa = PBXBuildFile; fileRef = 32DB742F18FDE944002BD9F7 /* BG@2x.png */; };
		32DB74CD18FDE945002BD9F7 /* Chat_user.png in Resources */ = {isa = PBXBuildFile; fileRef = 32DB743018FDE944002BD9F7 /* Chat_user.png */; };
		32DB74CE18FDE945002BD9F7 /* Chat_user@2x.png in Resources */ = {isa = PBXBuildFile; fileRef = 32DB743118FDE944002BD9F7 /* Chat_user@2x.png */; };
		32DB74CF18FDE945002BD9F7 /* menu-icon.png in Resources */ = {isa = PBXBuildFile; fileRef = 32DB743218FDE944002BD9F7 /* menu-icon.png */; };
		32DB74D018FDE945002BD9F7 /* menu-icon@2x.png in Resources */ = {isa = PBXBuildFile; fileRef = 32DB743318FDE944002BD9F7 /* menu-icon@2x.png */; };
		32DB74D118FDE945002BD9F7 /* SettingIcon.png in Resources */ = {isa = PBXBuildFile; fileRef = 32DB743418FDE944002BD9F7 /* SettingIcon.png */; };
		32DB74D218FDE945002BD9F7 /* SettingIcon@2x.png in Resources */ = {isa = PBXBuildFile; fileRef = 32DB743518FDE944002BD9F7 /* SettingIcon@2x.png */; };
		32DB74D318FDE945002BD9F7 /* Top_NavBG.png in Resources */ = {isa = PBXBuildFile; fileRef = 32DB743618FDE944002BD9F7 /* Top_NavBG.png */; };
		32DB74D418FDE945002BD9F7 /* Top_NavBG@2x.png in Resources */ = {isa = PBXBuildFile; fileRef = 32DB743718FDE944002BD9F7 /* Top_NavBG@2x.png */; };
		32DB74D518FDE945002BD9F7 /* back-icon.png in Resources */ = {isa = PBXBuildFile; fileRef = 32DB743918FDE944002BD9F7 /* back-icon.png */; };
		32DB74D618FDE945002BD9F7 /* back-icon@2x.png in Resources */ = {isa = PBXBuildFile; fileRef = 32DB743A18FDE944002BD9F7 /* back-icon@2x.png */; };
		32DB74D718FDE945002BD9F7 /* BG.png in Resources */ = {isa = PBXBuildFile; fileRef = 32DB743B18FDE944002BD9F7 /* BG.png */; };
		32DB74D818FDE945002BD9F7 /* BG@2x.png in Resources */ = {isa = PBXBuildFile; fileRef = 32DB743C18FDE944002BD9F7 /* BG@2x.png */; };
		32DB74D918FDE945002BD9F7 /* form.png in Resources */ = {isa = PBXBuildFile; fileRef = 32DB743D18FDE944002BD9F7 /* form.png */; };
		32DB74DA18FDE945002BD9F7 /* form@2x.png in Resources */ = {isa = PBXBuildFile; fileRef = 32DB743E18FDE944002BD9F7 /* form@2x.png */; };
		32DB74DB18FDE945002BD9F7 /* menu-icon.png in Resources */ = {isa = PBXBuildFile; fileRef = 32DB743F18FDE944002BD9F7 /* menu-icon.png */; };
		32DB74DC18FDE945002BD9F7 /* menu-icon@2x.png in Resources */ = {isa = PBXBuildFile; fileRef = 32DB744018FDE944002BD9F7 /* menu-icon@2x.png */; };
		32DB74DD18FDE945002BD9F7 /* Send_Bar_BG.png in Resources */ = {isa = PBXBuildFile; fileRef = 32DB744118FDE944002BD9F7 /* Send_Bar_BG.png */; };
		32DB74DE18FDE945002BD9F7 /* Send_Bar_BG@2x.png in Resources */ = {isa = PBXBuildFile; fileRef = 32DB744218FDE944002BD9F7 /* Send_Bar_BG@2x.png */; };
		32DB74DF18FDE945002BD9F7 /* SettingIcon.png in Resources */ = {isa = PBXBuildFile; fileRef = 32DB744318FDE944002BD9F7 /* SettingIcon.png */; };
		32DB74E018FDE945002BD9F7 /* SettingIcon@2x.png in Resources */ = {isa = PBXBuildFile; fileRef = 32DB744418FDE944002BD9F7 /* SettingIcon@2x.png */; };
		32DB74E118FDE945002BD9F7 /* Top_NavBG.png in Resources */ = {isa = PBXBuildFile; fileRef = 32DB744518FDE944002BD9F7 /* Top_NavBG.png */; };
		32DB74E218FDE945002BD9F7 /* Top_NavBG@2x.png in Resources */ = {isa = PBXBuildFile; fileRef = 32DB744618FDE944002BD9F7 /* Top_NavBG@2x.png */; };
		32DB74E318FDE945002BD9F7 /* back-icon.png in Resources */ = {isa = PBXBuildFile; fileRef = 32DB744818FDE944002BD9F7 /* back-icon.png */; };
		32DB74E418FDE945002BD9F7 /* back-icon@2x.png in Resources */ = {isa = PBXBuildFile; fileRef = 32DB744918FDE944002BD9F7 /* back-icon@2x.png */; };
		32DB74E518FDE945002BD9F7 /* BG.png in Resources */ = {isa = PBXBuildFile; fileRef = 32DB744A18FDE944002BD9F7 /* BG.png */; };
		32DB74E618FDE945002BD9F7 /* BG@2x.png in Resources */ = {isa = PBXBuildFile; fileRef = 32DB744B18FDE944002BD9F7 /* BG@2x.png */; };
		32DB74E718FDE945002BD9F7 /* EditProfile.png in Resources */ = {isa = PBXBuildFile; fileRef = 32DB744C18FDE944002BD9F7 /* EditProfile.png */; };
		32DB74E818FDE945002BD9F7 /* EditProfile@2x.png in Resources */ = {isa = PBXBuildFile; fileRef = 32DB744D18FDE944002BD9F7 /* EditProfile@2x.png */; };
		32DB74E918FDE945002BD9F7 /* Logout.png in Resources */ = {isa = PBXBuildFile; fileRef = 32DB744E18FDE944002BD9F7 /* Logout.png */; };
		32DB74EA18FDE945002BD9F7 /* Logout@2x.png in Resources */ = {isa = PBXBuildFile; fileRef = 32DB744F18FDE944002BD9F7 /* Logout@2x.png */; };
		32DB74EB18FDE945002BD9F7 /* menu-icon.png in Resources */ = {isa = PBXBuildFile; fileRef = 32DB745018FDE944002BD9F7 /* menu-icon.png */; };
		32DB74EC18FDE945002BD9F7 /* menu-icon@2x.png in Resources */ = {isa = PBXBuildFile; fileRef = 32DB745118FDE944002BD9F7 /* menu-icon@2x.png */; };
		32DB74ED18FDE945002BD9F7 /* SettingIcon.png in Resources */ = {isa = PBXBuildFile; fileRef = 32DB745218FDE944002BD9F7 /* SettingIcon.png */; };
		32DB74EE18FDE945002BD9F7 /* SettingIcon@2x.png in Resources */ = {isa = PBXBuildFile; fileRef = 32DB745318FDE944002BD9F7 /* SettingIcon@2x.png */; };
		32DB74EF18FDE945002BD9F7 /* Top_NavBG.png in Resources */ = {isa = PBXBuildFile; fileRef = 32DB745418FDE944002BD9F7 /* Top_NavBG.png */; };
		32DB74F018FDE945002BD9F7 /* Top_NavBG@2x.png in Resources */ = {isa = PBXBuildFile; fileRef = 32DB745518FDE944002BD9F7 /* Top_NavBG@2x.png */; };
		32DB74F118FDE945002BD9F7 /* About_BG.png in Resources */ = {isa = PBXBuildFile; fileRef = 32DB745718FDE944002BD9F7 /* About_BG.png */; };
		32DB74F218FDE945002BD9F7 /* About_BG@2x.png in Resources */ = {isa = PBXBuildFile; fileRef = 32DB745818FDE944002BD9F7 /* About_BG@2x.png */; };
		32DB74F318FDE945002BD9F7 /* back-icon.png in Resources */ = {isa = PBXBuildFile; fileRef = 32DB745918FDE944002BD9F7 /* back-icon.png */; };
		32DB74F418FDE945002BD9F7 /* back-icon@2x.png in Resources */ = {isa = PBXBuildFile; fileRef = 32DB745A18FDE944002BD9F7 /* back-icon@2x.png */; };
		32DB74F518FDE945002BD9F7 /* BG.png in Resources */ = {isa = PBXBuildFile; fileRef = 32DB745B18FDE944002BD9F7 /* BG.png */; };
		32DB74F618FDE945002BD9F7 /* BG@2x.png in Resources */ = {isa = PBXBuildFile; fileRef = 32DB745C18FDE944002BD9F7 /* BG@2x.png */; };
		32DB74F718FDE945002BD9F7 /* menu-icon.png in Resources */ = {isa = PBXBuildFile; fileRef = 32DB745D18FDE944002BD9F7 /* menu-icon.png */; };
		32DB74F818FDE945002BD9F7 /* menu-icon@2x.png in Resources */ = {isa = PBXBuildFile; fileRef = 32DB745E18FDE944002BD9F7 /* menu-icon@2x.png */; };
		32DB74F918FDE945002BD9F7 /* SettingIcon.png in Resources */ = {isa = PBXBuildFile; fileRef = 32DB745F18FDE944002BD9F7 /* SettingIcon.png */; };
		32DB74FA18FDE945002BD9F7 /* SettingIcon@2x.png in Resources */ = {isa = PBXBuildFile; fileRef = 32DB746018FDE944002BD9F7 /* SettingIcon@2x.png */; };
		32DB74FB18FDE945002BD9F7 /* Top_NavBG.png in Resources */ = {isa = PBXBuildFile; fileRef = 32DB746118FDE944002BD9F7 /* Top_NavBG.png */; };
		32DB74FC18FDE945002BD9F7 /* Top_NavBG@2x.png in Resources */ = {isa = PBXBuildFile; fileRef = 32DB746218FDE944002BD9F7 /* Top_NavBG@2x.png */; };
		32DB74FD18FDE945002BD9F7 /* UserImage.png in Resources */ = {isa = PBXBuildFile; fileRef = 32DB746318FDE944002BD9F7 /* UserImage.png */; };
		32DB74FE18FDE945002BD9F7 /* UserImage@2x.png in Resources */ = {isa = PBXBuildFile; fileRef = 32DB746418FDE944002BD9F7 /* UserImage@2x.png */; };
		32DB74FF18FDE945002BD9F7 /* ChatNow_Icon.png in Resources */ = {isa = PBXBuildFile; fileRef = 32DB746618FDE944002BD9F7 /* ChatNow_Icon.png */; };
		32DB750018FDE945002BD9F7 /* ChatNow_Icon@2x.png in Resources */ = {isa = PBXBuildFile; fileRef = 32DB746718FDE944002BD9F7 /* ChatNow_Icon@2x.png */; };
		32DB750118FDE945002BD9F7 /* Close-Button.png in Resources */ = {isa = PBXBuildFile; fileRef = 32DB746818FDE944002BD9F7 /* Close-Button.png */; };
		32DB750218FDE945002BD9F7 /* Close-Button@2x.png in Resources */ = {isa = PBXBuildFile; fileRef = 32DB746918FDE944002BD9F7 /* Close-Button@2x.png */; };
		32DB750318FDE945002BD9F7 /* back-icon.png in Resources */ = {isa = PBXBuildFile; fileRef = 32DB746B18FDE944002BD9F7 /* back-icon.png */; };
		32DB750418FDE945002BD9F7 /* back-icon@2x.png in Resources */ = {isa = PBXBuildFile; fileRef = 32DB746C18FDE944002BD9F7 /* back-icon@2x.png */; };
		32DB750518FDE945002BD9F7 /* ChatIcon.png in Resources */ = {isa = PBXBuildFile; fileRef = 32DB746D18FDE944002BD9F7 /* ChatIcon.png */; };
		32DB750618FDE945002BD9F7 /* ChatIcon@2x.png in Resources */ = {isa = PBXBuildFile; fileRef = 32DB746E18FDE944002BD9F7 /* ChatIcon@2x.png */; };
		32DB750718FDE945002BD9F7 /* SettingIcon.png in Resources */ = {isa = PBXBuildFile; fileRef = 32DB746F18FDE944002BD9F7 /* SettingIcon.png */; };
		32DB750818FDE945002BD9F7 /* SettingIcon@2x.png in Resources */ = {isa = PBXBuildFile; fileRef = 32DB747018FDE944002BD9F7 /* SettingIcon@2x.png */; };
		32DB750918FDE945002BD9F7 /* 1024_icon-1-01.png in Resources */ = {isa = PBXBuildFile; fileRef = 32DB747318FDE944002BD9F7 /* 1024_icon-1-01.png */; };
		32DB750A18FDE945002BD9F7 /* Icon-72.png in Resources */ = {isa = PBXBuildFile; fileRef = 32DB747518FDE944002BD9F7 /* Icon-72.png */; };
		32DB750B18FDE945002BD9F7 /* Icon-72@2x.png in Resources */ = {isa = PBXBuildFile; fileRef = 32DB747618FDE944002BD9F7 /* Icon-72@2x.png */; };
		32DB750C18FDE945002BD9F7 /* Icon-Small-50.png in Resources */ = {isa = PBXBuildFile; fileRef = 32DB747718FDE944002BD9F7 /* Icon-Small-50.png */; };
		32DB750D18FDE945002BD9F7 /* Icon-Small-50@2x.png in Resources */ = {isa = PBXBuildFile; fileRef = 32DB747818FDE944002BD9F7 /* Icon-Small-50@2x.png */; };
		32DB750E18FDE945002BD9F7 /* Icon-Small.png in Resources */ = {isa = PBXBuildFile; fileRef = 32DB747918FDE944002BD9F7 /* Icon-Small.png */; };
		32DB750F18FDE945002BD9F7 /* Icon-Small@2x.png in Resources */ = {isa = PBXBuildFile; fileRef = 32DB747A18FDE944002BD9F7 /* Icon-Small@2x.png */; };
		32DB751018FDE945002BD9F7 /* Icon.png in Resources */ = {isa = PBXBuildFile; fileRef = 32DB747B18FDE944002BD9F7 /* Icon.png */; };
		32DB751118FDE945002BD9F7 /* Icon@2x.png in Resources */ = {isa = PBXBuildFile; fileRef = 32DB747C18FDE944002BD9F7 /* Icon@2x.png */; };
		32DB751218FDE945002BD9F7 /* iTunesArtwork.png in Resources */ = {isa = PBXBuildFile; fileRef = 32DB747D18FDE945002BD9F7 /* iTunesArtwork.png */; };
		32DB751318FDE945002BD9F7 /* iTunesArtwork@2x.png in Resources */ = {isa = PBXBuildFile; fileRef = 32DB747E18FDE945002BD9F7 /* iTunesArtwork@2x.png */; };
		32DB751418FDE945002BD9F7 /* Icon-40.png in Resources */ = {isa = PBXBuildFile; fileRef = 32DB748018FDE945002BD9F7 /* Icon-40.png */; };
		32DB751518FDE945002BD9F7 /* Icon-40@2x.png in Resources */ = {isa = PBXBuildFile; fileRef = 32DB748118FDE945002BD9F7 /* Icon-40@2x.png */; };
		32DB751618FDE945002BD9F7 /* Icon-60.png in Resources */ = {isa = PBXBuildFile; fileRef = 32DB748218FDE945002BD9F7 /* Icon-60.png */; };
		32DB751718FDE945002BD9F7 /* Icon-60@2x.png in Resources */ = {isa = PBXBuildFile; fileRef = 32DB748318FDE945002BD9F7 /* Icon-60@2x.png */; };
		32DB751818FDE945002BD9F7 /* Icon-72.png in Resources */ = {isa = PBXBuildFile; fileRef = 32DB748418FDE945002BD9F7 /* Icon-72.png */; };
		32DB751918FDE945002BD9F7 /* Icon-72@2x.png in Resources */ = {isa = PBXBuildFile; fileRef = 32DB748518FDE945002BD9F7 /* Icon-72@2x.png */; };
		32DB751A18FDE945002BD9F7 /* Icon-76.png in Resources */ = {isa = PBXBuildFile; fileRef = 32DB748618FDE945002BD9F7 /* Icon-76.png */; };
		32DB751B18FDE945002BD9F7 /* Icon-76@2x.png in Resources */ = {isa = PBXBuildFile; fileRef = 32DB748718FDE945002BD9F7 /* Icon-76@2x.png */; };
		32DB751C18FDE945002BD9F7 /* Icon-Small-50.png in Resources */ = {isa = PBXBuildFile; fileRef = 32DB748818FDE945002BD9F7 /* Icon-Small-50.png */; };
		32DB751D18FDE945002BD9F7 /* Icon-Small-50@2x.png in Resources */ = {isa = PBXBuildFile; fileRef = 32DB748918FDE945002BD9F7 /* Icon-Small-50@2x.png */; };
		32DB751E18FDE945002BD9F7 /* Icon-Small.png in Resources */ = {isa = PBXBuildFile; fileRef = 32DB748A18FDE945002BD9F7 /* Icon-Small.png */; };
		32DB751F18FDE945002BD9F7 /* Icon-Small@2x.png in Resources */ = {isa = PBXBuildFile; fileRef = 32DB748B18FDE945002BD9F7 /* Icon-Small@2x.png */; };
		32DB752018FDE945002BD9F7 /* Icon.png in Resources */ = {isa = PBXBuildFile; fileRef = 32DB748C18FDE945002BD9F7 /* Icon.png */; };
		32DB752118FDE945002BD9F7 /* Icon@2x.png in Resources */ = {isa = PBXBuildFile; fileRef = 32DB748D18FDE945002BD9F7 /* Icon@2x.png */; };
		32DB752218FDE945002BD9F7 /* iTunesArtwork.png in Resources */ = {isa = PBXBuildFile; fileRef = 32DB748E18FDE945002BD9F7 /* iTunesArtwork.png */; };
		32DB752318FDE945002BD9F7 /* iTunesArtwork@2x.png in Resources */ = {isa = PBXBuildFile; fileRef = 32DB748F18FDE945002BD9F7 /* iTunesArtwork@2x.png */; };
		32DB752418FDE945002BD9F7 /* Matched_Up_DesignV3_red.pdf in Resources */ = {isa = PBXBuildFile; fileRef = 32DB749018FDE945002BD9F7 /* Matched_Up_DesignV3_red.pdf */; };
		32DF2119190056CE00E4B4C9 /* CCTransitionAnimator.m in Sources */ = {isa = PBXBuildFile; fileRef = 32DF2118190056CE00E4B4C9 /* CCTransitionAnimator.m */; };
		32E16A0B18F1E9CB0050882A /* CCTestUser.m in Sources */ = {isa = PBXBuildFile; fileRef = 32E16A0A18F1E9CB0050882A /* CCTestUser.m */; };
		32E16A0F18F1EB8B0050882A /* cat1.jpg in Resources */ = {isa = PBXBuildFile; fileRef = 32E16A0C18F1EB8B0050882A /* cat1.jpg */; };
		32E16A1018F1EB8B0050882A /* cat2.jpg in Resources */ = {isa = PBXBuildFile; fileRef = 32E16A0D18F1EB8B0050882A /* cat2.jpg */; };
		32E16A1118F1EB8B0050882A /* cat3.jpg in Resources */ = {isa = PBXBuildFile; fileRef = 32E16A0E18F1EB8B0050882A /* cat3.jpg */; };
		32E8474318EF4A63007FCBFE /* CCConstants.m in Sources */ = {isa = PBXBuildFile; fileRef = 32E8474218EF4A63007FCBFE /* CCConstants.m */; };
		32F005CF18FC7477008BD286 /* defaultPrefsFile.plist in Resources */ = {isa = PBXBuildFile; fileRef = 32F005CE18FC7477008BD286 /* defaultPrefsFile.plist */; };
		32F65E0318F36C9F000531CB /* CCMatchViewController.m in Sources */ = {isa = PBXBuildFile; fileRef = 32F65E0218F36C9F000531CB /* CCMatchViewController.m */; };
		32F9BD7618EC904C002195FC /* Foundation.framework in Frameworks */ = {isa = PBXBuildFile; fileRef = 32F9BD7518EC904C002195FC /* Foundation.framework */; };
		32F9BD7818EC904C002195FC /* CoreGraphics.framework in Frameworks */ = {isa = PBXBuildFile; fileRef = 32F9BD7718EC904C002195FC /* CoreGraphics.framework */; };
		32F9BD7A18EC904C002195FC /* UIKit.framework in Frameworks */ = {isa = PBXBuildFile; fileRef = 32F9BD7918EC904C002195FC /* UIKit.framework */; };
		32F9BD8018EC904C002195FC /* InfoPlist.strings in Resources */ = {isa = PBXBuildFile; fileRef = 32F9BD7E18EC904C002195FC /* InfoPlist.strings */; };
		32F9BD8218EC904C002195FC /* main.m in Sources */ = {isa = PBXBuildFile; fileRef = 32F9BD8118EC904C002195FC /* main.m */; };
		32F9BD8618EC904C002195FC /* CCAppDelegate.m in Sources */ = {isa = PBXBuildFile; fileRef = 32F9BD8518EC904C002195FC /* CCAppDelegate.m */; };
		32F9BD8918EC904C002195FC /* Main.storyboard in Resources */ = {isa = PBXBuildFile; fileRef = 32F9BD8718EC904C002195FC /* Main.storyboard */; };
		32F9BD9118EC904C002195FC /* Images.xcassets in Resources */ = {isa = PBXBuildFile; fileRef = 32F9BD9018EC904C002195FC /* Images.xcassets */; };
		32F9BD9818EC904C002195FC /* XCTest.framework in Frameworks */ = {isa = PBXBuildFile; fileRef = 32F9BD9718EC904C002195FC /* XCTest.framework */; };
		32F9BD9918EC904C002195FC /* Foundation.framework in Frameworks */ = {isa = PBXBuildFile; fileRef = 32F9BD7518EC904C002195FC /* Foundation.framework */; };
		32F9BD9A18EC904C002195FC /* UIKit.framework in Frameworks */ = {isa = PBXBuildFile; fileRef = 32F9BD7918EC904C002195FC /* UIKit.framework */; };
		32F9BDA218EC904C002195FC /* InfoPlist.strings in Resources */ = {isa = PBXBuildFile; fileRef = 32F9BDA018EC904C002195FC /* InfoPlist.strings */; };
		32F9BDA418EC904C002195FC /* MatchedUpTests.m in Sources */ = {isa = PBXBuildFile; fileRef = 32F9BDA318EC904C002195FC /* MatchedUpTests.m */; };
		32F9BDAF18EC910E002195FC /* CCLoginViewController.m in Sources */ = {isa = PBXBuildFile; fileRef = 32F9BDAE18EC910E002195FC /* CCLoginViewController.m */; };
		32FCBE0F18F482E3007682F6 /* CCMatchesViewController.m in Sources */ = {isa = PBXBuildFile; fileRef = 32FCBE0E18F482E3007682F6 /* CCMatchesViewController.m */; };
		32FCBE1318F48552007682F6 /* CCChatViewController.m in Sources */ = {isa = PBXBuildFile; fileRef = 32FCBE1218F48552007682F6 /* CCChatViewController.m */; };
/* End PBXBuildFile section */

/* Begin PBXContainerItemProxy section */
		32F9BD9B18EC904C002195FC /* PBXContainerItemProxy */ = {
			isa = PBXContainerItemProxy;
			containerPortal = 32F9BD6A18EC904C002195FC /* Project object */;
			proxyType = 1;
			remoteGlobalIDString = 32F9BD7118EC904C002195FC;
			remoteInfo = MatchedUp;
		};
/* End PBXContainerItemProxy section */

/* Begin PBXFileReference section */
		320A310618F0567A00DFAC76 /* CCHomeViewController.h */ = {isa = PBXFileReference; fileEncoding = 4; lastKnownFileType = sourcecode.c.h; path = CCHomeViewController.h; sourceTree = "<group>"; };
		320A310718F0567A00DFAC76 /* CCHomeViewController.m */ = {isa = PBXFileReference; fileEncoding = 4; lastKnownFileType = sourcecode.c.objc; path = CCHomeViewController.m; sourceTree = "<group>"; };
		320A310A18F05FE400DFAC76 /* CCSettingsViewController.h */ = {isa = PBXFileReference; fileEncoding = 4; lastKnownFileType = sourcecode.c.h; path = CCSettingsViewController.h; sourceTree = "<group>"; };
		320A310B18F05FE400DFAC76 /* CCSettingsViewController.m */ = {isa = PBXFileReference; fileEncoding = 4; lastKnownFileType = sourcecode.c.objc; path = CCSettingsViewController.m; sourceTree = "<group>"; };
		320A310E18F0674B00DFAC76 /* CCEditProfileViewController.h */ = {isa = PBXFileReference; fileEncoding = 4; lastKnownFileType = sourcecode.c.h; path = CCEditProfileViewController.h; sourceTree = "<group>"; };
		320A310F18F0674B00DFAC76 /* CCEditProfileViewController.m */ = {isa = PBXFileReference; fileEncoding = 4; lastKnownFileType = sourcecode.c.objc; path = CCEditProfileViewController.m; sourceTree = "<group>"; };
		320A311218F069BA00DFAC76 /* CCProfileViewController.h */ = {isa = PBXFileReference; fileEncoding = 4; lastKnownFileType = sourcecode.c.h; path = CCProfileViewController.h; sourceTree = "<group>"; };
		320A311318F069BA00DFAC76 /* CCProfileViewController.m */ = {isa = PBXFileReference; fileEncoding = 4; lastKnownFileType = sourcecode.c.objc; path = CCProfileViewController.m; sourceTree = "<group>"; };
		32DB73F018FDE944002BD9F7 /* BG.png */ = {isa = PBXFileReference; lastKnownFileType = image.png; path = BG.png; sourceTree = "<group>"; };
		32DB73F118FDE944002BD9F7 /* BG@2x.png */ = {isa = PBXFileReference; lastKnownFileType = image.png; path = "BG@2x.png"; sourceTree = "<group>"; };
		32DB73F218FDE944002BD9F7 /* BG.png */ = {isa = PBXFileReference; lastKnownFileType = image.png; path = BG.png; sourceTree = "<group>"; };
		32DB73F318FDE944002BD9F7 /* BG@2x.png */ = {isa = PBXFileReference; lastKnownFileType = image.png; path = "BG@2x.png"; sourceTree = "<group>"; };
		32DB73F518FDE944002BD9F7 /* Facebook.png */ = {isa = PBXFileReference; lastKnownFileType = image.png; path = Facebook.png; sourceTree = "<group>"; };
		32DB73F618FDE944002BD9F7 /* Facebook@2x.png */ = {isa = PBXFileReference; lastKnownFileType = image.png; path = "Facebook@2x.png"; sourceTree = "<group>"; };
		32DB73F718FDE944002BD9F7 /* Logo.png */ = {isa = PBXFileReference; lastKnownFileType = image.png; path = Logo.png; sourceTree = "<group>"; };
		32DB73F818FDE944002BD9F7 /* Logo@2x.png */ = {isa = PBXFileReference; lastKnownFileType = image.png; path = "Logo@2x.png"; sourceTree = "<group>"; };
		32DB73FA18FDE944002BD9F7 /* BG.png */ = {isa = PBXFileReference; lastKnownFileType = image.png; path = BG.png; sourceTree = "<group>"; };
		32DB73FB18FDE944002BD9F7 /* BG@2x.png */ = {isa = PBXFileReference; lastKnownFileType = image.png; path = "BG@2x.png"; sourceTree = "<group>"; };
		32DB73FC18FDE944002BD9F7 /* ChatIcon.png */ = {isa = PBXFileReference; lastKnownFileType = image.png; path = ChatIcon.png; sourceTree = "<group>"; };
		32DB73FD18FDE944002BD9F7 /* ChatIcon@2x.png */ = {isa = PBXFileReference; lastKnownFileType = image.png; path = "ChatIcon@2x.png"; sourceTree = "<group>"; };
		32DB73FE18FDE944002BD9F7 /* DislikeIcon.png */ = {isa = PBXFileReference; lastKnownFileType = image.png; path = DislikeIcon.png; sourceTree = "<group>"; };
		32DB73FF18FDE944002BD9F7 /* DislikeIcon@2x.png */ = {isa = PBXFileReference; lastKnownFileType = image.png; path = "DislikeIcon@2x.png"; sourceTree = "<group>"; };
		32DB740018FDE944002BD9F7 /* InfoIcon.png */ = {isa = PBXFileReference; lastKnownFileType = image.png; path = InfoIcon.png; sourceTree = "<group>"; };
		32DB740118FDE944002BD9F7 /* InfoIcon@2x.png */ = {isa = PBXFileReference; lastKnownFileType = image.png; path = "InfoIcon@2x.png"; sourceTree = "<group>"; };
		32DB740218FDE944002BD9F7 /* LikeIcon.png */ = {isa = PBXFileReference; lastKnownFileType = image.png; path = LikeIcon.png; sourceTree = "<group>"; };
		32DB740318FDE944002BD9F7 /* LikeIcon@2x.png */ = {isa = PBXFileReference; lastKnownFileType = image.png; path = "LikeIcon@2x.png"; sourceTree = "<group>"; };
		32DB740418FDE944002BD9F7 /* Matched-Up.png */ = {isa = PBXFileReference; lastKnownFileType = image.png; path = "Matched-Up.png"; sourceTree = "<group>"; };
		32DB740518FDE944002BD9F7 /* Matched-Up@2x.png */ = {isa = PBXFileReference; lastKnownFileType = image.png; path = "Matched-Up@2x.png"; sourceTree = "<group>"; };
		32DB740618FDE944002BD9F7 /* SettingIcon.png */ = {isa = PBXFileReference; lastKnownFileType = image.png; path = SettingIcon.png; sourceTree = "<group>"; };
		32DB740718FDE944002BD9F7 /* SettingIcon@2x.png */ = {isa = PBXFileReference; lastKnownFileType = image.png; path = "SettingIcon@2x.png"; sourceTree = "<group>"; };
		32DB740818FDE944002BD9F7 /* Top_NavBG.png */ = {isa = PBXFileReference; lastKnownFileType = image.png; path = Top_NavBG.png; sourceTree = "<group>"; };
		32DB740918FDE944002BD9F7 /* Top_NavBG@2x.png */ = {isa = PBXFileReference; lastKnownFileType = image.png; path = "Top_NavBG@2x.png"; sourceTree = "<group>"; };
		32DB740A18FDE944002BD9F7 /* User_Image.png */ = {isa = PBXFileReference; lastKnownFileType = image.png; path = User_Image.png; sourceTree = "<group>"; };
		32DB740B18FDE944002BD9F7 /* User_Image@2x.png */ = {isa = PBXFileReference; lastKnownFileType = image.png; path = "User_Image@2x.png"; sourceTree = "<group>"; };
		32DB740C18FDE944002BD9F7 /* VP_BG.png */ = {isa = PBXFileReference; lastKnownFileType = image.png; path = VP_BG.png; sourceTree = "<group>"; };
		32DB740D18FDE944002BD9F7 /* VP_BG@2x.png */ = {isa = PBXFileReference; lastKnownFileType = image.png; path = "VP_BG@2x.png"; sourceTree = "<group>"; };
		32DB740F18FDE944002BD9F7 /* About_BG.png */ = {isa = PBXFileReference; lastKnownFileType = image.png; path = About_BG.png; sourceTree = "<group>"; };
		32DB741018FDE944002BD9F7 /* About_BG@2x.png */ = {isa = PBXFileReference; lastKnownFileType = image.png; path = "About_BG@2x.png"; sourceTree = "<group>"; };
		32DB741118FDE944002BD9F7 /* AgeIcon.png */ = {isa = PBXFileReference; lastKnownFileType = image.png; path = AgeIcon.png; sourceTree = "<group>"; };
		32DB741218FDE944002BD9F7 /* AgeIcon@2x.png */ = {isa = PBXFileReference; lastKnownFileType = image.png; path = "AgeIcon@2x.png"; sourceTree = "<group>"; };
		32DB741318FDE944002BD9F7 /* BG.png */ = {isa = PBXFileReference; lastKnownFileType = image.png; path = BG.png; sourceTree = "<group>"; };
		32DB741418FDE944002BD9F7 /* BG@2x.png */ = {isa = PBXFileReference; lastKnownFileType = image.png; path = "BG@2x.png"; sourceTree = "<group>"; };
		32DB741518FDE944002BD9F7 /* ChatIcon.png */ = {isa = PBXFileReference; lastKnownFileType = image.png; path = ChatIcon.png; sourceTree = "<group>"; };
		32DB741618FDE944002BD9F7 /* ChatIcon@2x.png */ = {isa = PBXFileReference; lastKnownFileType = image.png; path = "ChatIcon@2x.png"; sourceTree = "<group>"; };
		32DB741718FDE944002BD9F7 /* DislikeIcon.png */ = {isa = PBXFileReference; lastKnownFileType = image.png; path = DislikeIcon.png; sourceTree = "<group>"; };
		32DB741818FDE944002BD9F7 /* DislikeIcon@2x.png */ = {isa = PBXFileReference; lastKnownFileType = image.png; path = "DislikeIcon@2x.png"; sourceTree = "<group>"; };
		32DB741918FDE944002BD9F7 /* InfoIcon.png */ = {isa = PBXFileReference; lastKnownFileType = image.png; path = InfoIcon.png; sourceTree = "<group>"; };
		32DB741A18FDE944002BD9F7 /* InfoIcon@2x.png */ = {isa = PBXFileReference; lastKnownFileType = image.png; path = "InfoIcon@2x.png"; sourceTree = "<group>"; };
		32DB741B18FDE944002BD9F7 /* LikeIcon.png */ = {isa = PBXFileReference; lastKnownFileType = image.png; path = LikeIcon.png; sourceTree = "<group>"; };
		32DB741C18FDE944002BD9F7 /* LikeIcon@2x.png */ = {isa = PBXFileReference; lastKnownFileType = image.png; path = "LikeIcon@2x.png"; sourceTree = "<group>"; };
		32DB741D18FDE944002BD9F7 /* location.png */ = {isa = PBXFileReference; lastKnownFileType = image.png; path = location.png; sourceTree = "<group>"; };
		32DB741E18FDE944002BD9F7 /* location@2x.png */ = {isa = PBXFileReference; lastKnownFileType = image.png; path = "location@2x.png"; sourceTree = "<group>"; };
		32DB741F18FDE944002BD9F7 /* NameAgeStatusBar.png */ = {isa = PBXFileReference; lastKnownFileType = image.png; path = NameAgeStatusBar.png; sourceTree = "<group>"; };
		32DB742018FDE944002BD9F7 /* NameAgeStatusBar@2x.png */ = {isa = PBXFileReference; lastKnownFileType = image.png; path = "NameAgeStatusBar@2x.png"; sourceTree = "<group>"; };
		32DB742118FDE944002BD9F7 /* SettingIcon.png */ = {isa = PBXFileReference; lastKnownFileType = image.png; path = SettingIcon.png; sourceTree = "<group>"; };
		32DB742218FDE944002BD9F7 /* SettingIcon@2x.png */ = {isa = PBXFileReference; lastKnownFileType = image.png; path = "SettingIcon@2x.png"; sourceTree = "<group>"; };
		32DB742318FDE944002BD9F7 /* Single.png */ = {isa = PBXFileReference; lastKnownFileType = image.png; path = Single.png; sourceTree = "<group>"; };
		32DB742418FDE944002BD9F7 /* Single@2x.png */ = {isa = PBXFileReference; lastKnownFileType = image.png; path = "Single@2x.png"; sourceTree = "<group>"; };
		32DB742518FDE944002BD9F7 /* StatusIcon.png */ = {isa = PBXFileReference; lastKnownFileType = image.png; path = StatusIcon.png; sourceTree = "<group>"; };
		32DB742618FDE944002BD9F7 /* StatusIcon@2x.png */ = {isa = PBXFileReference; lastKnownFileType = image.png; path = "StatusIcon@2x.png"; sourceTree = "<group>"; };
		32DB742718FDE944002BD9F7 /* UserImage.png */ = {isa = PBXFileReference; lastKnownFileType = image.png; path = UserImage.png; sourceTree = "<group>"; };
		32DB742818FDE944002BD9F7 /* UserImage@2x.png */ = {isa = PBXFileReference; lastKnownFileType = image.png; path = "UserImage@2x.png"; sourceTree = "<group>"; };
		32DB742918FDE944002BD9F7 /* VP_BG.png */ = {isa = PBXFileReference; lastKnownFileType = image.png; path = VP_BG.png; sourceTree = "<group>"; };
		32DB742A18FDE944002BD9F7 /* VP_BG@2x.png */ = {isa = PBXFileReference; lastKnownFileType = image.png; path = "VP_BG@2x.png"; sourceTree = "<group>"; };
		32DB742C18FDE944002BD9F7 /* back-icon.png */ = {isa = PBXFileReference; lastKnownFileType = image.png; path = "back-icon.png"; sourceTree = "<group>"; };
		32DB742D18FDE944002BD9F7 /* back-icon@2x.png */ = {isa = PBXFileReference; lastKnownFileType = image.png; path = "back-icon@2x.png"; sourceTree = "<group>"; };
		32DB742E18FDE944002BD9F7 /* BG.png */ = {isa = PBXFileReference; lastKnownFileType = image.png; path = BG.png; sourceTree = "<group>"; };
		32DB742F18FDE944002BD9F7 /* BG@2x.png */ = {isa = PBXFileReference; lastKnownFileType = image.png; path = "BG@2x.png"; sourceTree = "<group>"; };
		32DB743018FDE944002BD9F7 /* Chat_user.png */ = {isa = PBXFileReference; lastKnownFileType = image.png; path = Chat_user.png; sourceTree = "<group>"; };
		32DB743118FDE944002BD9F7 /* Chat_user@2x.png */ = {isa = PBXFileReference; lastKnownFileType = image.png; path = "Chat_user@2x.png"; sourceTree = "<group>"; };
		32DB743218FDE944002BD9F7 /* menu-icon.png */ = {isa = PBXFileReference; lastKnownFileType = image.png; path = "menu-icon.png"; sourceTree = "<group>"; };
		32DB743318FDE944002BD9F7 /* menu-icon@2x.png */ = {isa = PBXFileReference; lastKnownFileType = image.png; path = "menu-icon@2x.png"; sourceTree = "<group>"; };
		32DB743418FDE944002BD9F7 /* SettingIcon.png */ = {isa = PBXFileReference; lastKnownFileType = image.png; path = SettingIcon.png; sourceTree = "<group>"; };
		32DB743518FDE944002BD9F7 /* SettingIcon@2x.png */ = {isa = PBXFileReference; lastKnownFileType = image.png; path = "SettingIcon@2x.png"; sourceTree = "<group>"; };
		32DB743618FDE944002BD9F7 /* Top_NavBG.png */ = {isa = PBXFileReference; lastKnownFileType = image.png; path = Top_NavBG.png; sourceTree = "<group>"; };
		32DB743718FDE944002BD9F7 /* Top_NavBG@2x.png */ = {isa = PBXFileReference; lastKnownFileType = image.png; path = "Top_NavBG@2x.png"; sourceTree = "<group>"; };
		32DB743918FDE944002BD9F7 /* back-icon.png */ = {isa = PBXFileReference; lastKnownFileType = image.png; path = "back-icon.png"; sourceTree = "<group>"; };
		32DB743A18FDE944002BD9F7 /* back-icon@2x.png */ = {isa = PBXFileReference; lastKnownFileType = image.png; path = "back-icon@2x.png"; sourceTree = "<group>"; };
		32DB743B18FDE944002BD9F7 /* BG.png */ = {isa = PBXFileReference; lastKnownFileType = image.png; path = BG.png; sourceTree = "<group>"; };
		32DB743C18FDE944002BD9F7 /* BG@2x.png */ = {isa = PBXFileReference; lastKnownFileType = image.png; path = "BG@2x.png"; sourceTree = "<group>"; };
		32DB743D18FDE944002BD9F7 /* form.png */ = {isa = PBXFileReference; lastKnownFileType = image.png; path = form.png; sourceTree = "<group>"; };
		32DB743E18FDE944002BD9F7 /* form@2x.png */ = {isa = PBXFileReference; lastKnownFileType = image.png; path = "form@2x.png"; sourceTree = "<group>"; };
		32DB743F18FDE944002BD9F7 /* menu-icon.png */ = {isa = PBXFileReference; lastKnownFileType = image.png; path = "menu-icon.png"; sourceTree = "<group>"; };
		32DB744018FDE944002BD9F7 /* menu-icon@2x.png */ = {isa = PBXFileReference; lastKnownFileType = image.png; path = "menu-icon@2x.png"; sourceTree = "<group>"; };
		32DB744118FDE944002BD9F7 /* Send_Bar_BG.png */ = {isa = PBXFileReference; lastKnownFileType = image.png; path = Send_Bar_BG.png; sourceTree = "<group>"; };
		32DB744218FDE944002BD9F7 /* Send_Bar_BG@2x.png */ = {isa = PBXFileReference; lastKnownFileType = image.png; path = "Send_Bar_BG@2x.png"; sourceTree = "<group>"; };
		32DB744318FDE944002BD9F7 /* SettingIcon.png */ = {isa = PBXFileReference; lastKnownFileType = image.png; path = SettingIcon.png; sourceTree = "<group>"; };
		32DB744418FDE944002BD9F7 /* SettingIcon@2x.png */ = {isa = PBXFileReference; lastKnownFileType = image.png; path = "SettingIcon@2x.png"; sourceTree = "<group>"; };
		32DB744518FDE944002BD9F7 /* Top_NavBG.png */ = {isa = PBXFileReference; lastKnownFileType = image.png; path = Top_NavBG.png; sourceTree = "<group>"; };
		32DB744618FDE944002BD9F7 /* Top_NavBG@2x.png */ = {isa = PBXFileReference; lastKnownFileType = image.png; path = "Top_NavBG@2x.png"; sourceTree = "<group>"; };
		32DB744818FDE944002BD9F7 /* back-icon.png */ = {isa = PBXFileReference; lastKnownFileType = image.png; path = "back-icon.png"; sourceTree = "<group>"; };
		32DB744918FDE944002BD9F7 /* back-icon@2x.png */ = {isa = PBXFileReference; lastKnownFileType = image.png; path = "back-icon@2x.png"; sourceTree = "<group>"; };
		32DB744A18FDE944002BD9F7 /* BG.png */ = {isa = PBXFileReference; lastKnownFileType = image.png; path = BG.png; sourceTree = "<group>"; };
		32DB744B18FDE944002BD9F7 /* BG@2x.png */ = {isa = PBXFileReference; lastKnownFileType = image.png; path = "BG@2x.png"; sourceTree = "<group>"; };
		32DB744C18FDE944002BD9F7 /* EditProfile.png */ = {isa = PBXFileReference; lastKnownFileType = image.png; path = EditProfile.png; sourceTree = "<group>"; };
		32DB744D18FDE944002BD9F7 /* EditProfile@2x.png */ = {isa = PBXFileReference; lastKnownFileType = image.png; path = "EditProfile@2x.png"; sourceTree = "<group>"; };
		32DB744E18FDE944002BD9F7 /* Logout.png */ = {isa = PBXFileReference; lastKnownFileType = image.png; path = Logout.png; sourceTree = "<group>"; };
		32DB744F18FDE944002BD9F7 /* Logout@2x.png */ = {isa = PBXFileReference; lastKnownFileType = image.png; path = "Logout@2x.png"; sourceTree = "<group>"; };
		32DB745018FDE944002BD9F7 /* menu-icon.png */ = {isa = PBXFileReference; lastKnownFileType = image.png; path = "menu-icon.png"; sourceTree = "<group>"; };
		32DB745118FDE944002BD9F7 /* menu-icon@2x.png */ = {isa = PBXFileReference; lastKnownFileType = image.png; path = "menu-icon@2x.png"; sourceTree = "<group>"; };
		32DB745218FDE944002BD9F7 /* SettingIcon.png */ = {isa = PBXFileReference; lastKnownFileType = image.png; path = SettingIcon.png; sourceTree = "<group>"; };
		32DB745318FDE944002BD9F7 /* SettingIcon@2x.png */ = {isa = PBXFileReference; lastKnownFileType = image.png; path = "SettingIcon@2x.png"; sourceTree = "<group>"; };
		32DB745418FDE944002BD9F7 /* Top_NavBG.png */ = {isa = PBXFileReference; lastKnownFileType = image.png; path = Top_NavBG.png; sourceTree = "<group>"; };
		32DB745518FDE944002BD9F7 /* Top_NavBG@2x.png */ = {isa = PBXFileReference; lastKnownFileType = image.png; path = "Top_NavBG@2x.png"; sourceTree = "<group>"; };
		32DB745718FDE944002BD9F7 /* About_BG.png */ = {isa = PBXFileReference; lastKnownFileType = image.png; path = About_BG.png; sourceTree = "<group>"; };
		32DB745818FDE944002BD9F7 /* About_BG@2x.png */ = {isa = PBXFileReference; lastKnownFileType = image.png; path = "About_BG@2x.png"; sourceTree = "<group>"; };
		32DB745918FDE944002BD9F7 /* back-icon.png */ = {isa = PBXFileReference; lastKnownFileType = image.png; path = "back-icon.png"; sourceTree = "<group>"; };
		32DB745A18FDE944002BD9F7 /* back-icon@2x.png */ = {isa = PBXFileReference; lastKnownFileType = image.png; path = "back-icon@2x.png"; sourceTree = "<group>"; };
		32DB745B18FDE944002BD9F7 /* BG.png */ = {isa = PBXFileReference; lastKnownFileType = image.png; path = BG.png; sourceTree = "<group>"; };
		32DB745C18FDE944002BD9F7 /* BG@2x.png */ = {isa = PBXFileReference; lastKnownFileType = image.png; path = "BG@2x.png"; sourceTree = "<group>"; };
		32DB745D18FDE944002BD9F7 /* menu-icon.png */ = {isa = PBXFileReference; lastKnownFileType = image.png; path = "menu-icon.png"; sourceTree = "<group>"; };
		32DB745E18FDE944002BD9F7 /* menu-icon@2x.png */ = {isa = PBXFileReference; lastKnownFileType = image.png; path = "menu-icon@2x.png"; sourceTree = "<group>"; };
		32DB745F18FDE944002BD9F7 /* SettingIcon.png */ = {isa = PBXFileReference; lastKnownFileType = image.png; path = SettingIcon.png; sourceTree = "<group>"; };
		32DB746018FDE944002BD9F7 /* SettingIcon@2x.png */ = {isa = PBXFileReference; lastKnownFileType = image.png; path = "SettingIcon@2x.png"; sourceTree = "<group>"; };
		32DB746118FDE944002BD9F7 /* Top_NavBG.png */ = {isa = PBXFileReference; lastKnownFileType = image.png; path = Top_NavBG.png; sourceTree = "<group>"; };
		32DB746218FDE944002BD9F7 /* Top_NavBG@2x.png */ = {isa = PBXFileReference; lastKnownFileType = image.png; path = "Top_NavBG@2x.png"; sourceTree = "<group>"; };
		32DB746318FDE944002BD9F7 /* UserImage.png */ = {isa = PBXFileReference; lastKnownFileType = image.png; path = UserImage.png; sourceTree = "<group>"; };
		32DB746418FDE944002BD9F7 /* UserImage@2x.png */ = {isa = PBXFileReference; lastKnownFileType = image.png; path = "UserImage@2x.png"; sourceTree = "<group>"; };
		32DB746618FDE944002BD9F7 /* ChatNow_Icon.png */ = {isa = PBXFileReference; lastKnownFileType = image.png; path = ChatNow_Icon.png; sourceTree = "<group>"; };
		32DB746718FDE944002BD9F7 /* ChatNow_Icon@2x.png */ = {isa = PBXFileReference; lastKnownFileType = image.png; path = "ChatNow_Icon@2x.png"; sourceTree = "<group>"; };
		32DB746818FDE944002BD9F7 /* Close-Button.png */ = {isa = PBXFileReference; lastKnownFileType = image.png; path = "Close-Button.png"; sourceTree = "<group>"; };
		32DB746918FDE944002BD9F7 /* Close-Button@2x.png */ = {isa = PBXFileReference; lastKnownFileType = image.png; path = "Close-Button@2x.png"; sourceTree = "<group>"; };
		32DB746B18FDE944002BD9F7 /* back-icon.png */ = {isa = PBXFileReference; lastKnownFileType = image.png; path = "back-icon.png"; sourceTree = "<group>"; };
		32DB746C18FDE944002BD9F7 /* back-icon@2x.png */ = {isa = PBXFileReference; lastKnownFileType = image.png; path = "back-icon@2x.png"; sourceTree = "<group>"; };
		32DB746D18FDE944002BD9F7 /* ChatIcon.png */ = {isa = PBXFileReference; lastKnownFileType = image.png; path = ChatIcon.png; sourceTree = "<group>"; };
		32DB746E18FDE944002BD9F7 /* ChatIcon@2x.png */ = {isa = PBXFileReference; lastKnownFileType = image.png; path = "ChatIcon@2x.png"; sourceTree = "<group>"; };
		32DB746F18FDE944002BD9F7 /* SettingIcon.png */ = {isa = PBXFileReference; lastKnownFileType = image.png; path = SettingIcon.png; sourceTree = "<group>"; };
		32DB747018FDE944002BD9F7 /* SettingIcon@2x.png */ = {isa = PBXFileReference; lastKnownFileType = image.png; path = "SettingIcon@2x.png"; sourceTree = "<group>"; };
		32DB747318FDE944002BD9F7 /* 1024_icon-1-01.png */ = {isa = PBXFileReference; lastKnownFileType = image.png; path = "1024_icon-1-01.png"; sourceTree = "<group>"; };
		32DB747518FDE944002BD9F7 /* Icon-72.png */ = {isa = PBXFileReference; lastKnownFileType = image.png; path = "Icon-72.png"; sourceTree = "<group>"; };
		32DB747618FDE944002BD9F7 /* Icon-72@2x.png */ = {isa = PBXFileReference; lastKnownFileType = image.png; path = "Icon-72@2x.png"; sourceTree = "<group>"; };
		32DB747718FDE944002BD9F7 /* Icon-Small-50.png */ = {isa = PBXFileReference; lastKnownFileType = image.png; path = "Icon-Small-50.png"; sourceTree = "<group>"; };
		32DB747818FDE944002BD9F7 /* Icon-Small-50@2x.png */ = {isa = PBXFileReference; lastKnownFileType = image.png; path = "Icon-Small-50@2x.png"; sourceTree = "<group>"; };
		32DB747918FDE944002BD9F7 /* Icon-Small.png */ = {isa = PBXFileReference; lastKnownFileType = image.png; path = "Icon-Small.png"; sourceTree = "<group>"; };
		32DB747A18FDE944002BD9F7 /* Icon-Small@2x.png */ = {isa = PBXFileReference; lastKnownFileType = image.png; path = "Icon-Small@2x.png"; sourceTree = "<group>"; };
		32DB747B18FDE944002BD9F7 /* Icon.png */ = {isa = PBXFileReference; lastKnownFileType = image.png; path = Icon.png; sourceTree = "<group>"; };
		32DB747C18FDE944002BD9F7 /* Icon@2x.png */ = {isa = PBXFileReference; lastKnownFileType = image.png; path = "Icon@2x.png"; sourceTree = "<group>"; };
		32DB747D18FDE945002BD9F7 /* iTunesArtwork.png */ = {isa = PBXFileReference; lastKnownFileType = image.png; path = iTunesArtwork.png; sourceTree = "<group>"; };
		32DB747E18FDE945002BD9F7 /* iTunesArtwork@2x.png */ = {isa = PBXFileReference; lastKnownFileType = image.png; path = "iTunesArtwork@2x.png"; sourceTree = "<group>"; };
		32DB748018FDE945002BD9F7 /* Icon-40.png */ = {isa = PBXFileReference; lastKnownFileType = image.png; path = "Icon-40.png"; sourceTree = "<group>"; };
		32DB748118FDE945002BD9F7 /* Icon-40@2x.png */ = {isa = PBXFileReference; lastKnownFileType = image.png; path = "Icon-40@2x.png"; sourceTree = "<group>"; };
		32DB748218FDE945002BD9F7 /* Icon-60.png */ = {isa = PBXFileReference; lastKnownFileType = image.png; path = "Icon-60.png"; sourceTree = "<group>"; };
		32DB748318FDE945002BD9F7 /* Icon-60@2x.png */ = {isa = PBXFileReference; lastKnownFileType = image.png; path = "Icon-60@2x.png"; sourceTree = "<group>"; };
		32DB748418FDE945002BD9F7 /* Icon-72.png */ = {isa = PBXFileReference; lastKnownFileType = image.png; path = "Icon-72.png"; sourceTree = "<group>"; };
		32DB748518FDE945002BD9F7 /* Icon-72@2x.png */ = {isa = PBXFileReference; lastKnownFileType = image.png; path = "Icon-72@2x.png"; sourceTree = "<group>"; };
		32DB748618FDE945002BD9F7 /* Icon-76.png */ = {isa = PBXFileReference; lastKnownFileType = image.png; path = "Icon-76.png"; sourceTree = "<group>"; };
		32DB748718FDE945002BD9F7 /* Icon-76@2x.png */ = {isa = PBXFileReference; lastKnownFileType = image.png; path = "Icon-76@2x.png"; sourceTree = "<group>"; };
		32DB748818FDE945002BD9F7 /* Icon-Small-50.png */ = {isa = PBXFileReference; lastKnownFileType = image.png; path = "Icon-Small-50.png"; sourceTree = "<group>"; };
		32DB748918FDE945002BD9F7 /* Icon-Small-50@2x.png */ = {isa = PBXFileReference; lastKnownFileType = image.png; path = "Icon-Small-50@2x.png"; sourceTree = "<group>"; };
		32DB748A18FDE945002BD9F7 /* Icon-Small.png */ = {isa = PBXFileReference; lastKnownFileType = image.png; path = "Icon-Small.png"; sourceTree = "<group>"; };
		32DB748B18FDE945002BD9F7 /* Icon-Small@2x.png */ = {isa = PBXFileReference; lastKnownFileType = image.png; path = "Icon-Small@2x.png"; sourceTree = "<group>"; };
		32DB748C18FDE945002BD9F7 /* Icon.png */ = {isa = PBXFileReference; lastKnownFileType = image.png; path = Icon.png; sourceTree = "<group>"; };
		32DB748D18FDE945002BD9F7 /* Icon@2x.png */ = {isa = PBXFileReference; lastKnownFileType = image.png; path = "Icon@2x.png"; sourceTree = "<group>"; };
		32DB748E18FDE945002BD9F7 /* iTunesArtwork.png */ = {isa = PBXFileReference; lastKnownFileType = image.png; path = iTunesArtwork.png; sourceTree = "<group>"; };
		32DB748F18FDE945002BD9F7 /* iTunesArtwork@2x.png */ = {isa = PBXFileReference; lastKnownFileType = image.png; path = "iTunesArtwork@2x.png"; sourceTree = "<group>"; };
		32DB749018FDE945002BD9F7 /* Matched_Up_DesignV3_red.pdf */ = {isa = PBXFileReference; lastKnownFileType = image.pdf; path = Matched_Up_DesignV3_red.pdf; sourceTree = "<group>"; };
		32DF2117190056CE00E4B4C9 /* CCTransitionAnimator.h */ = {isa = PBXFileReference; fileEncoding = 4; lastKnownFileType = sourcecode.c.h; path = CCTransitionAnimator.h; sourceTree = "<group>"; };
		32DF2118190056CE00E4B4C9 /* CCTransitionAnimator.m */ = {isa = PBXFileReference; fileEncoding = 4; lastKnownFileType = sourcecode.c.objc; path = CCTransitionAnimator.m; sourceTree = "<group>"; };
		32E16A0918F1E9CB0050882A /* CCTestUser.h */ = {isa = PBXFileReference; fileEncoding = 4; lastKnownFileType = sourcecode.c.h; path = CCTestUser.h; sourceTree = "<group>"; };
		32E16A0A18F1E9CB0050882A /* CCTestUser.m */ = {isa = PBXFileReference; fileEncoding = 4; lastKnownFileType = sourcecode.c.objc; path = CCTestUser.m; sourceTree = "<group>"; };
		32E16A0C18F1EB8B0050882A /* cat1.jpg */ = {isa = PBXFileReference; lastKnownFileType = image.jpeg; path = cat1.jpg; sourceTree = "<group>"; };
		32E16A0D18F1EB8B0050882A /* cat2.jpg */ = {isa = PBXFileReference; lastKnownFileType = image.jpeg; path = cat2.jpg; sourceTree = "<group>"; };
		32E16A0E18F1EB8B0050882A /* cat3.jpg */ = {isa = PBXFileReference; lastKnownFileType = image.jpeg; path = cat3.jpg; sourceTree = "<group>"; };
		32E8474118EF4A63007FCBFE /* CCConstants.h */ = {isa = PBXFileReference; fileEncoding = 4; lastKnownFileType = sourcecode.c.h; path = CCConstants.h; sourceTree = "<group>"; };
		32E8474218EF4A63007FCBFE /* CCConstants.m */ = {isa = PBXFileReference; fileEncoding = 4; lastKnownFileType = sourcecode.c.objc; path = CCConstants.m; sourceTree = "<group>"; };
		32F005CE18FC7477008BD286 /* defaultPrefsFile.plist */ = {isa = PBXFileReference; fileEncoding = 4; lastKnownFileType = text.plist.xml; path = defaultPrefsFile.plist; sourceTree = "<group>"; };
		32F65E0118F36C9F000531CB /* CCMatchViewController.h */ = {isa = PBXFileReference; fileEncoding = 4; lastKnownFileType = sourcecode.c.h; path = CCMatchViewController.h; sourceTree = "<group>"; };
		32F65E0218F36C9F000531CB /* CCMatchViewController.m */ = {isa = PBXFileReference; fileEncoding = 4; lastKnownFileType = sourcecode.c.objc; path = CCMatchViewController.m; sourceTree = "<group>"; };
		32F9BD7218EC904C002195FC /* MatchedUp.app */ = {isa = PBXFileReference; explicitFileType = wrapper.application; includeInIndex = 0; path = MatchedUp.app; sourceTree = BUILT_PRODUCTS_DIR; };
		32F9BD7518EC904C002195FC /* Foundation.framework */ = {isa = PBXFileReference; lastKnownFileType = wrapper.framework; name = Foundation.framework; path = System/Library/Frameworks/Foundation.framework; sourceTree = SDKROOT; };
		32F9BD7718EC904C002195FC /* CoreGraphics.framework */ = {isa = PBXFileReference; lastKnownFileType = wrapper.framework; name = CoreGraphics.framework; path = System/Library/Frameworks/CoreGraphics.framework; sourceTree = SDKROOT; };
		32F9BD7918EC904C002195FC /* UIKit.framework */ = {isa = PBXFileReference; lastKnownFileType = wrapper.framework; name = UIKit.framework; path = System/Library/Frameworks/UIKit.framework; sourceTree = SDKROOT; };
		32F9BD7D18EC904C002195FC /* MatchedUp-Info.plist */ = {isa = PBXFileReference; lastKnownFileType = text.plist.xml; path = "MatchedUp-Info.plist"; sourceTree = "<group>"; };
		32F9BD7F18EC904C002195FC /* en */ = {isa = PBXFileReference; lastKnownFileType = text.plist.strings; name = en; path = en.lproj/InfoPlist.strings; sourceTree = "<group>"; };
		32F9BD8118EC904C002195FC /* main.m */ = {isa = PBXFileReference; lastKnownFileType = sourcecode.c.objc; path = main.m; sourceTree = "<group>"; };
		32F9BD8318EC904C002195FC /* MatchedUp-Prefix.pch */ = {isa = PBXFileReference; lastKnownFileType = sourcecode.c.h; path = "MatchedUp-Prefix.pch"; sourceTree = "<group>"; };
		32F9BD8418EC904C002195FC /* CCAppDelegate.h */ = {isa = PBXFileReference; lastKnownFileType = sourcecode.c.h; path = CCAppDelegate.h; sourceTree = "<group>"; };
		32F9BD8518EC904C002195FC /* CCAppDelegate.m */ = {isa = PBXFileReference; lastKnownFileType = sourcecode.c.objc; path = CCAppDelegate.m; sourceTree = "<group>"; };
		32F9BD8818EC904C002195FC /* Base */ = {isa = PBXFileReference; lastKnownFileType = file.storyboard; name = Base; path = Base.lproj/Main.storyboard; sourceTree = "<group>"; };
		32F9BD9018EC904C002195FC /* Images.xcassets */ = {isa = PBXFileReference; lastKnownFileType = folder.assetcatalog; path = Images.xcassets; sourceTree = "<group>"; };
		32F9BD9618EC904C002195FC /* MatchedUpTests.xctest */ = {isa = PBXFileReference; explicitFileType = wrapper.cfbundle; includeInIndex = 0; path = MatchedUpTests.xctest; sourceTree = BUILT_PRODUCTS_DIR; };
		32F9BD9718EC904C002195FC /* XCTest.framework */ = {isa = PBXFileReference; lastKnownFileType = wrapper.framework; name = XCTest.framework; path = Library/Frameworks/XCTest.framework; sourceTree = DEVELOPER_DIR; };
		32F9BD9F18EC904C002195FC /* MatchedUpTests-Info.plist */ = {isa = PBXFileReference; lastKnownFileType = text.plist.xml; path = "MatchedUpTests-Info.plist"; sourceTree = "<group>"; };
		32F9BDA118EC904C002195FC /* en */ = {isa = PBXFileReference; lastKnownFileType = text.plist.strings; name = en; path = en.lproj/InfoPlist.strings; sourceTree = "<group>"; };
		32F9BDA318EC904C002195FC /* MatchedUpTests.m */ = {isa = PBXFileReference; lastKnownFileType = sourcecode.c.objc; path = MatchedUpTests.m; sourceTree = "<group>"; };
		32F9BDAD18EC910E002195FC /* CCLoginViewController.h */ = {isa = PBXFileReference; fileEncoding = 4; lastKnownFileType = sourcecode.c.h; path = CCLoginViewController.h; sourceTree = "<group>"; };
		32F9BDAE18EC910E002195FC /* CCLoginViewController.m */ = {isa = PBXFileReference; fileEncoding = 4; lastKnownFileType = sourcecode.c.objc; path = CCLoginViewController.m; sourceTree = "<group>"; };
		32FCBE0D18F482E3007682F6 /* CCMatchesViewController.h */ = {isa = PBXFileReference; fileEncoding = 4; lastKnownFileType = sourcecode.c.h; path = CCMatchesViewController.h; sourceTree = "<group>"; };
		32FCBE0E18F482E3007682F6 /* CCMatchesViewController.m */ = {isa = PBXFileReference; fileEncoding = 4; lastKnownFileType = sourcecode.c.objc; path = CCMatchesViewController.m; sourceTree = "<group>"; };
		32FCBE1118F48552007682F6 /* CCChatViewController.h */ = {isa = PBXFileReference; fileEncoding = 4; lastKnownFileType = sourcecode.c.h; path = CCChatViewController.h; sourceTree = "<group>"; };
		32FCBE1218F48552007682F6 /* CCChatViewController.m */ = {isa = PBXFileReference; fileEncoding = 4; lastKnownFileType = sourcecode.c.objc; path = CCChatViewController.m; sourceTree = "<group>"; };
		8AD31494C62C44289FB9D5A2 /* libPods.a */ = {isa = PBXFileReference; explicitFileType = archive.ar; includeInIndex = 0; path = libPods.a; sourceTree = BUILT_PRODUCTS_DIR; };
		90FADE8540FB4436A0B29463 /* Pods.xcconfig */ = {isa = PBXFileReference; includeInIndex = 1; lastKnownFileType = text.xcconfig; name = Pods.xcconfig; path = Pods/Pods.xcconfig; sourceTree = "<group>"; };
/* End PBXFileReference section */

/* Begin PBXFrameworksBuildPhase section */
		32F9BD6F18EC904C002195FC /* Frameworks */ = {
			isa = PBXFrameworksBuildPhase;
			buildActionMask = 2147483647;
			files = (
				32F9BD7818EC904C002195FC /* CoreGraphics.framework in Frameworks */,
				32F9BD7A18EC904C002195FC /* UIKit.framework in Frameworks */,
				32F9BD7618EC904C002195FC /* Foundation.framework in Frameworks */,
				1B73FD7F6B9F423CA808CF81 /* libPods.a in Frameworks */,
			);
			runOnlyForDeploymentPostprocessing = 0;
		};
		32F9BD9318EC904C002195FC /* Frameworks */ = {
			isa = PBXFrameworksBuildPhase;
			buildActionMask = 2147483647;
			files = (
				32F9BD9818EC904C002195FC /* XCTest.framework in Frameworks */,
				32F9BD9A18EC904C002195FC /* UIKit.framework in Frameworks */,
				32F9BD9918EC904C002195FC /* Foundation.framework in Frameworks */,
			);
			runOnlyForDeploymentPostprocessing = 0;
		};
/* End PBXFrameworksBuildPhase section */

/* Begin PBXGroup section */
		320A310518F0565100DFAC76 /* Home */ = {
			isa = PBXGroup;
			children = (
				320A310618F0567A00DFAC76 /* CCHomeViewController.h */,
				320A310718F0567A00DFAC76 /* CCHomeViewController.m */,
			);
			name = Home;
			sourceTree = "<group>";
		};
		320A310918F05FC700DFAC76 /* Settings */ = {
			isa = PBXGroup;
			children = (
				320A310A18F05FE400DFAC76 /* CCSettingsViewController.h */,
				320A310B18F05FE400DFAC76 /* CCSettingsViewController.m */,
				32F005CE18FC7477008BD286 /* defaultPrefsFile.plist */,
			);
			name = Settings;
			sourceTree = "<group>";
		};
		320A310D18F0670C00DFAC76 /* Edit Profile */ = {
			isa = PBXGroup;
			children = (
				320A310E18F0674B00DFAC76 /* CCEditProfileViewController.h */,
				320A310F18F0674B00DFAC76 /* CCEditProfileViewController.m */,
			);
			name = "Edit Profile";
			sourceTree = "<group>";
		};
		320A311118F069A200DFAC76 /* Profile */ = {
			isa = PBXGroup;
			children = (
				320A311218F069BA00DFAC76 /* CCProfileViewController.h */,
				320A311318F069BA00DFAC76 /* CCProfileViewController.m */,
			);
			name = Profile;
			sourceTree = "<group>";
		};
		32DB73ED18FDE944002BD9F7 /* Matched_Up_assets */ = {
			isa = PBXGroup;
			children = (
				32DB73EE18FDE944002BD9F7 /* 00_SplashPage */,
				32DB73F418FDE944002BD9F7 /* 01_LoginScreen */,
				32DB73F918FDE944002BD9F7 /* 02_HomeScreen */,
				32DB740E18FDE944002BD9F7 /* 03_Profile */,
				32DB742B18FDE944002BD9F7 /* 04_ChatList */,
				32DB743818FDE944002BD9F7 /* 05_ChatWindow */,
				32DB744718FDE944002BD9F7 /* 06_Settings */,
				32DB745618FDE944002BD9F7 /* 07_Profile_Edit */,
				32DB746518FDE944002BD9F7 /* 08_Match */,
				32DB746A18FDE944002BD9F7 /* _44px_Icon */,
				32DB747118FDE944002BD9F7 /* appicon */,
				32DB749018FDE945002BD9F7 /* Matched_Up_DesignV3_red.pdf */,
			);
			path = Matched_Up_assets;
			sourceTree = "<group>";
		};
		32DB73EE18FDE944002BD9F7 /* 00_SplashPage */ = {
			isa = PBXGroup;
			children = (
				32DB73EF18FDE944002BD9F7 /* 960 */,
				32DB73F218FDE944002BD9F7 /* BG.png */,
				32DB73F318FDE944002BD9F7 /* BG@2x.png */,
			);
			path = 00_SplashPage;
			sourceTree = "<group>";
		};
		32DB73EF18FDE944002BD9F7 /* 960 */ = {
			isa = PBXGroup;
			children = (
				32DB73F018FDE944002BD9F7 /* BG.png */,
				32DB73F118FDE944002BD9F7 /* BG@2x.png */,
			);
			path = 960;
			sourceTree = "<group>";
		};
		32DB73F418FDE944002BD9F7 /* 01_LoginScreen */ = {
			isa = PBXGroup;
			children = (
				32DB73F518FDE944002BD9F7 /* Facebook.png */,
				32DB73F618FDE944002BD9F7 /* Facebook@2x.png */,
				32DB73F718FDE944002BD9F7 /* Logo.png */,
				32DB73F818FDE944002BD9F7 /* Logo@2x.png */,
			);
			path = 01_LoginScreen;
			sourceTree = "<group>";
		};
		32DB73F918FDE944002BD9F7 /* 02_HomeScreen */ = {
			isa = PBXGroup;
			children = (
				32DB73FA18FDE944002BD9F7 /* BG.png */,
				32DB73FB18FDE944002BD9F7 /* BG@2x.png */,
				32DB73FC18FDE944002BD9F7 /* ChatIcon.png */,
				32DB73FD18FDE944002BD9F7 /* ChatIcon@2x.png */,
				32DB73FE18FDE944002BD9F7 /* DislikeIcon.png */,
				32DB73FF18FDE944002BD9F7 /* DislikeIcon@2x.png */,
				32DB740018FDE944002BD9F7 /* InfoIcon.png */,
				32DB740118FDE944002BD9F7 /* InfoIcon@2x.png */,
				32DB740218FDE944002BD9F7 /* LikeIcon.png */,
				32DB740318FDE944002BD9F7 /* LikeIcon@2x.png */,
				32DB740418FDE944002BD9F7 /* Matched-Up.png */,
				32DB740518FDE944002BD9F7 /* Matched-Up@2x.png */,
				32DB740618FDE944002BD9F7 /* SettingIcon.png */,
				32DB740718FDE944002BD9F7 /* SettingIcon@2x.png */,
				32DB740818FDE944002BD9F7 /* Top_NavBG.png */,
				32DB740918FDE944002BD9F7 /* Top_NavBG@2x.png */,
				32DB740A18FDE944002BD9F7 /* User_Image.png */,
				32DB740B18FDE944002BD9F7 /* User_Image@2x.png */,
				32DB740C18FDE944002BD9F7 /* VP_BG.png */,
				32DB740D18FDE944002BD9F7 /* VP_BG@2x.png */,
			);
			path = 02_HomeScreen;
			sourceTree = "<group>";
		};
		32DB740E18FDE944002BD9F7 /* 03_Profile */ = {
			isa = PBXGroup;
			children = (
				32DB740F18FDE944002BD9F7 /* About_BG.png */,
				32DB741018FDE944002BD9F7 /* About_BG@2x.png */,
				32DB741118FDE944002BD9F7 /* AgeIcon.png */,
				32DB741218FDE944002BD9F7 /* AgeIcon@2x.png */,
				32DB741318FDE944002BD9F7 /* BG.png */,
				32DB741418FDE944002BD9F7 /* BG@2x.png */,
				32DB741518FDE944002BD9F7 /* ChatIcon.png */,
				32DB741618FDE944002BD9F7 /* ChatIcon@2x.png */,
				32DB741718FDE944002BD9F7 /* DislikeIcon.png */,
				32DB741818FDE944002BD9F7 /* DislikeIcon@2x.png */,
				32DB741918FDE944002BD9F7 /* InfoIcon.png */,
				32DB741A18FDE944002BD9F7 /* InfoIcon@2x.png */,
				32DB741B18FDE944002BD9F7 /* LikeIcon.png */,
				32DB741C18FDE944002BD9F7 /* LikeIcon@2x.png */,
				32DB741D18FDE944002BD9F7 /* location.png */,
				32DB741E18FDE944002BD9F7 /* location@2x.png */,
				32DB741F18FDE944002BD9F7 /* NameAgeStatusBar.png */,
				32DB742018FDE944002BD9F7 /* NameAgeStatusBar@2x.png */,
				32DB742118FDE944002BD9F7 /* SettingIcon.png */,
				32DB742218FDE944002BD9F7 /* SettingIcon@2x.png */,
				32DB742318FDE944002BD9F7 /* Single.png */,
				32DB742418FDE944002BD9F7 /* Single@2x.png */,
				32DB742518FDE944002BD9F7 /* StatusIcon.png */,
				32DB742618FDE944002BD9F7 /* StatusIcon@2x.png */,
				32DB742718FDE944002BD9F7 /* UserImage.png */,
				32DB742818FDE944002BD9F7 /* UserImage@2x.png */,
				32DB742918FDE944002BD9F7 /* VP_BG.png */,
				32DB742A18FDE944002BD9F7 /* VP_BG@2x.png */,
			);
			path = 03_Profile;
			sourceTree = "<group>";
		};
		32DB742B18FDE944002BD9F7 /* 04_ChatList */ = {
			isa = PBXGroup;
			children = (
				32DB742C18FDE944002BD9F7 /* back-icon.png */,
				32DB742D18FDE944002BD9F7 /* back-icon@2x.png */,
				32DB742E18FDE944002BD9F7 /* BG.png */,
				32DB742F18FDE944002BD9F7 /* BG@2x.png */,
				32DB743018FDE944002BD9F7 /* Chat_user.png */,
				32DB743118FDE944002BD9F7 /* Chat_user@2x.png */,
				32DB743218FDE944002BD9F7 /* menu-icon.png */,
				32DB743318FDE944002BD9F7 /* menu-icon@2x.png */,
				32DB743418FDE944002BD9F7 /* SettingIcon.png */,
				32DB743518FDE944002BD9F7 /* SettingIcon@2x.png */,
				32DB743618FDE944002BD9F7 /* Top_NavBG.png */,
				32DB743718FDE944002BD9F7 /* Top_NavBG@2x.png */,
			);
			path = 04_ChatList;
			sourceTree = "<group>";
		};
		32DB743818FDE944002BD9F7 /* 05_ChatWindow */ = {
			isa = PBXGroup;
			children = (
				32DB743918FDE944002BD9F7 /* back-icon.png */,
				32DB743A18FDE944002BD9F7 /* back-icon@2x.png */,
				32DB743B18FDE944002BD9F7 /* BG.png */,
				32DB743C18FDE944002BD9F7 /* BG@2x.png */,
				32DB743D18FDE944002BD9F7 /* form.png */,
				32DB743E18FDE944002BD9F7 /* form@2x.png */,
				32DB743F18FDE944002BD9F7 /* menu-icon.png */,
				32DB744018FDE944002BD9F7 /* menu-icon@2x.png */,
				32DB744118FDE944002BD9F7 /* Send_Bar_BG.png */,
				32DB744218FDE944002BD9F7 /* Send_Bar_BG@2x.png */,
				32DB744318FDE944002BD9F7 /* SettingIcon.png */,
				32DB744418FDE944002BD9F7 /* SettingIcon@2x.png */,
				32DB744518FDE944002BD9F7 /* Top_NavBG.png */,
				32DB744618FDE944002BD9F7 /* Top_NavBG@2x.png */,
			);
			path = 05_ChatWindow;
			sourceTree = "<group>";
		};
		32DB744718FDE944002BD9F7 /* 06_Settings */ = {
			isa = PBXGroup;
			children = (
				32DB744818FDE944002BD9F7 /* back-icon.png */,
				32DB744918FDE944002BD9F7 /* back-icon@2x.png */,
				32DB744A18FDE944002BD9F7 /* BG.png */,
				32DB744B18FDE944002BD9F7 /* BG@2x.png */,
				32DB744C18FDE944002BD9F7 /* EditProfile.png */,
				32DB744D18FDE944002BD9F7 /* EditProfile@2x.png */,
				32DB744E18FDE944002BD9F7 /* Logout.png */,
				32DB744F18FDE944002BD9F7 /* Logout@2x.png */,
				32DB745018FDE944002BD9F7 /* menu-icon.png */,
				32DB745118FDE944002BD9F7 /* menu-icon@2x.png */,
				32DB745218FDE944002BD9F7 /* SettingIcon.png */,
				32DB745318FDE944002BD9F7 /* SettingIcon@2x.png */,
				32DB745418FDE944002BD9F7 /* Top_NavBG.png */,
				32DB745518FDE944002BD9F7 /* Top_NavBG@2x.png */,
			);
			path = 06_Settings;
			sourceTree = "<group>";
		};
		32DB745618FDE944002BD9F7 /* 07_Profile_Edit */ = {
			isa = PBXGroup;
			children = (
				32DB745718FDE944002BD9F7 /* About_BG.png */,
				32DB745818FDE944002BD9F7 /* About_BG@2x.png */,
				32DB745918FDE944002BD9F7 /* back-icon.png */,
				32DB745A18FDE944002BD9F7 /* back-icon@2x.png */,
				32DB745B18FDE944002BD9F7 /* BG.png */,
				32DB745C18FDE944002BD9F7 /* BG@2x.png */,
				32DB745D18FDE944002BD9F7 /* menu-icon.png */,
				32DB745E18FDE944002BD9F7 /* menu-icon@2x.png */,
				32DB745F18FDE944002BD9F7 /* SettingIcon.png */,
				32DB746018FDE944002BD9F7 /* SettingIcon@2x.png */,
				32DB746118FDE944002BD9F7 /* Top_NavBG.png */,
				32DB746218FDE944002BD9F7 /* Top_NavBG@2x.png */,
				32DB746318FDE944002BD9F7 /* UserImage.png */,
				32DB746418FDE944002BD9F7 /* UserImage@2x.png */,
			);
			path = 07_Profile_Edit;
			sourceTree = "<group>";
		};
		32DB746518FDE944002BD9F7 /* 08_Match */ = {
			isa = PBXGroup;
			children = (
				32DB746618FDE944002BD9F7 /* ChatNow_Icon.png */,
				32DB746718FDE944002BD9F7 /* ChatNow_Icon@2x.png */,
				32DB746818FDE944002BD9F7 /* Close-Button.png */,
				32DB746918FDE944002BD9F7 /* Close-Button@2x.png */,
			);
			path = 08_Match;
			sourceTree = "<group>";
		};
		32DB746A18FDE944002BD9F7 /* _44px_Icon */ = {
			isa = PBXGroup;
			children = (
				32DB746B18FDE944002BD9F7 /* back-icon.png */,
				32DB746C18FDE944002BD9F7 /* back-icon@2x.png */,
				32DB746D18FDE944002BD9F7 /* ChatIcon.png */,
				32DB746E18FDE944002BD9F7 /* ChatIcon@2x.png */,
				32DB746F18FDE944002BD9F7 /* SettingIcon.png */,
				32DB747018FDE944002BD9F7 /* SettingIcon@2x.png */,
			);
			path = _44px_Icon;
			sourceTree = "<group>";
		};
		32DB747118FDE944002BD9F7 /* appicon */ = {
			isa = PBXGroup;
			children = (
				32DB747218FDE944002BD9F7 /* _Source */,
				32DB747418FDE944002BD9F7 /* ios */,
				32DB747F18FDE945002BD9F7 /* ios7 */,
			);
			path = appicon;
			sourceTree = "<group>";
		};
		32DB747218FDE944002BD9F7 /* _Source */ = {
			isa = PBXGroup;
			children = (
				32DB747318FDE944002BD9F7 /* 1024_icon-1-01.png */,
			);
			path = _Source;
			sourceTree = "<group>";
		};
		32DB747418FDE944002BD9F7 /* ios */ = {
			isa = PBXGroup;
			children = (
				32DB747518FDE944002BD9F7 /* Icon-72.png */,
				32DB747618FDE944002BD9F7 /* Icon-72@2x.png */,
				32DB747718FDE944002BD9F7 /* Icon-Small-50.png */,
				32DB747818FDE944002BD9F7 /* Icon-Small-50@2x.png */,
				32DB747918FDE944002BD9F7 /* Icon-Small.png */,
				32DB747A18FDE944002BD9F7 /* Icon-Small@2x.png */,
				32DB747B18FDE944002BD9F7 /* Icon.png */,
				32DB747C18FDE944002BD9F7 /* Icon@2x.png */,
				32DB747D18FDE945002BD9F7 /* iTunesArtwork.png */,
				32DB747E18FDE945002BD9F7 /* iTunesArtwork@2x.png */,
			);
			path = ios;
			sourceTree = "<group>";
		};
		32DB747F18FDE945002BD9F7 /* ios7 */ = {
			isa = PBXGroup;
			children = (
				32DB748018FDE945002BD9F7 /* Icon-40.png */,
				32DB748118FDE945002BD9F7 /* Icon-40@2x.png */,
				32DB748218FDE945002BD9F7 /* Icon-60.png */,
				32DB748318FDE945002BD9F7 /* Icon-60@2x.png */,
				32DB748418FDE945002BD9F7 /* Icon-72.png */,
				32DB748518FDE945002BD9F7 /* Icon-72@2x.png */,
				32DB748618FDE945002BD9F7 /* Icon-76.png */,
				32DB748718FDE945002BD9F7 /* Icon-76@2x.png */,
				32DB748818FDE945002BD9F7 /* Icon-Small-50.png */,
				32DB748918FDE945002BD9F7 /* Icon-Small-50@2x.png */,
				32DB748A18FDE945002BD9F7 /* Icon-Small.png */,
				32DB748B18FDE945002BD9F7 /* Icon-Small@2x.png */,
				32DB748C18FDE945002BD9F7 /* Icon.png */,
				32DB748D18FDE945002BD9F7 /* Icon@2x.png */,
				32DB748E18FDE945002BD9F7 /* iTunesArtwork.png */,
				32DB748F18FDE945002BD9F7 /* iTunesArtwork@2x.png */,
			);
			path = ios7;
			sourceTree = "<group>";
		};
		32DF21161900565E00E4B4C9 /* Transition Helper */ = {
			isa = PBXGroup;
			children = (
				32DF2117190056CE00E4B4C9 /* CCTransitionAnimator.h */,
				32DF2118190056CE00E4B4C9 /* CCTransitionAnimator.m */,
			);
			name = "Transition Helper";
			sourceTree = "<group>";
		};
		32E16A0818F1E99C0050882A /* CreateParseUser */ = {
			isa = PBXGroup;
			children = (
				32E16A0918F1E9CB0050882A /* CCTestUser.h */,
				32E16A0A18F1E9CB0050882A /* CCTestUser.m */,
			);
			name = CreateParseUser;
			sourceTree = "<group>";
		};
		32F65E0018F36C71000531CB /* Match */ = {
			isa = PBXGroup;
			children = (
				32DF21161900565E00E4B4C9 /* Transition Helper */,
				32F65E0118F36C9F000531CB /* CCMatchViewController.h */,
				32F65E0218F36C9F000531CB /* CCMatchViewController.m */,
			);
			name = Match;
			sourceTree = "<group>";
		};
		32F9BD6918EC904C002195FC = {
			isa = PBXGroup;
			children = (
				32F9BD7B18EC904C002195FC /* MatchedUp */,
				32F9BD9D18EC904C002195FC /* MatchedUpTests */,
				32F9BD7418EC904C002195FC /* Frameworks */,
				32F9BD7318EC904C002195FC /* Products */,
				90FADE8540FB4436A0B29463 /* Pods.xcconfig */,
			);
			sourceTree = "<group>";
		};
		32F9BD7318EC904C002195FC /* Products */ = {
			isa = PBXGroup;
			children = (
				32F9BD7218EC904C002195FC /* MatchedUp.app */,
				32F9BD9618EC904C002195FC /* MatchedUpTests.xctest */,
			);
			name = Products;
			sourceTree = "<group>";
		};
		32F9BD7418EC904C002195FC /* Frameworks */ = {
			isa = PBXGroup;
			children = (
				32F9BD7518EC904C002195FC /* Foundation.framework */,
				32F9BD7718EC904C002195FC /* CoreGraphics.framework */,
				32F9BD7918EC904C002195FC /* UIKit.framework */,
				32F9BD9718EC904C002195FC /* XCTest.framework */,
				8AD31494C62C44289FB9D5A2 /* libPods.a */,
			);
			name = Frameworks;
			sourceTree = "<group>";
		};
		32F9BD7B18EC904C002195FC /* MatchedUp */ = {
			isa = PBXGroup;
			children = (
				32F9BD8418EC904C002195FC /* CCAppDelegate.h */,
				32F9BD8518EC904C002195FC /* CCAppDelegate.m */,
				32F9BD8718EC904C002195FC /* Main.storyboard */,
				32F9BDB018EC9122002195FC /* Login */,
				320A310518F0565100DFAC76 /* Home */,
				32E16A0818F1E99C0050882A /* CreateParseUser */,
				320A310918F05FC700DFAC76 /* Settings */,
				320A310D18F0670C00DFAC76 /* Edit Profile */,
				320A311118F069A200DFAC76 /* Profile */,
				32F65E0018F36C71000531CB /* Match */,
				32FCBE0C18F482CC007682F6 /* Matches */,
				32FCBE1018F48346007682F6 /* Chat */,
				32F9BD9018EC904C002195FC /* Images.xcassets */,
				32F9BD7C18EC904C002195FC /* Supporting Files */,
			);
			path = MatchedUp;
			sourceTree = "<group>";
		};
		32F9BD7C18EC904C002195FC /* Supporting Files */ = {
			isa = PBXGroup;
			children = (
				32DB73ED18FDE944002BD9F7 /* Matched_Up_assets */,
				32E16A0C18F1EB8B0050882A /* cat1.jpg */,
				32E16A0D18F1EB8B0050882A /* cat2.jpg */,
				32E16A0E18F1EB8B0050882A /* cat3.jpg */,
				32E8474118EF4A63007FCBFE /* CCConstants.h */,
				32E8474218EF4A63007FCBFE /* CCConstants.m */,
				32F9BD7D18EC904C002195FC /* MatchedUp-Info.plist */,
				32F9BD7E18EC904C002195FC /* InfoPlist.strings */,
				32F9BD8118EC904C002195FC /* main.m */,
				32F9BD8318EC904C002195FC /* MatchedUp-Prefix.pch */,
			);
			name = "Supporting Files";
			sourceTree = "<group>";
		};
		32F9BD9D18EC904C002195FC /* MatchedUpTests */ = {
			isa = PBXGroup;
			children = (
				32F9BDA318EC904C002195FC /* MatchedUpTests.m */,
				32F9BD9E18EC904C002195FC /* Supporting Files */,
			);
			path = MatchedUpTests;
			sourceTree = "<group>";
		};
		32F9BD9E18EC904C002195FC /* Supporting Files */ = {
			isa = PBXGroup;
			children = (
				32F9BD9F18EC904C002195FC /* MatchedUpTests-Info.plist */,
				32F9BDA018EC904C002195FC /* InfoPlist.strings */,
			);
			name = "Supporting Files";
			sourceTree = "<group>";
		};
		32F9BDB018EC9122002195FC /* Login */ = {
			isa = PBXGroup;
			children = (
				32F9BDAD18EC910E002195FC /* CCLoginViewController.h */,
				32F9BDAE18EC910E002195FC /* CCLoginViewController.m */,
			);
			name = Login;
			sourceTree = "<group>";
		};
		32FCBE0C18F482CC007682F6 /* Matches */ = {
			isa = PBXGroup;
			children = (
				32FCBE0D18F482E3007682F6 /* CCMatchesViewController.h */,
				32FCBE0E18F482E3007682F6 /* CCMatchesViewController.m */,
			);
			name = Matches;
			sourceTree = "<group>";
		};
		32FCBE1018F48346007682F6 /* Chat */ = {
			isa = PBXGroup;
			children = (
				32FCBE1118F48552007682F6 /* CCChatViewController.h */,
				32FCBE1218F48552007682F6 /* CCChatViewController.m */,
			);
			name = Chat;
			sourceTree = "<group>";
		};
/* End PBXGroup section */

/* Begin PBXNativeTarget section */
		32F9BD7118EC904C002195FC /* MatchedUp */ = {
			isa = PBXNativeTarget;
			buildConfigurationList = 32F9BDA718EC904C002195FC /* Build configuration list for PBXNativeTarget "MatchedUp" */;
			buildPhases = (
				B212CF86E0E541D1866A6E93 /* Check Pods Manifest.lock */,
				32F9BD6E18EC904C002195FC /* Sources */,
				32F9BD6F18EC904C002195FC /* Frameworks */,
				32F9BD7018EC904C002195FC /* Resources */,
				92E4F4265A5C48BBBCF142DF /* Copy Pods Resources */,
			);
			buildRules = (
			);
			dependencies = (
			);
			name = MatchedUp;
			productName = MatchedUp;
			productReference = 32F9BD7218EC904C002195FC /* MatchedUp.app */;
			productType = "com.apple.product-type.application";
		};
		32F9BD9518EC904C002195FC /* MatchedUpTests */ = {
			isa = PBXNativeTarget;
			buildConfigurationList = 32F9BDAA18EC904C002195FC /* Build configuration list for PBXNativeTarget "MatchedUpTests" */;
			buildPhases = (
				32F9BD9218EC904C002195FC /* Sources */,
				32F9BD9318EC904C002195FC /* Frameworks */,
				32F9BD9418EC904C002195FC /* Resources */,
			);
			buildRules = (
			);
			dependencies = (
				32F9BD9C18EC904C002195FC /* PBXTargetDependency */,
			);
			name = MatchedUpTests;
			productName = MatchedUpTests;
			productReference = 32F9BD9618EC904C002195FC /* MatchedUpTests.xctest */;
			productType = "com.apple.product-type.bundle.unit-test";
		};
/* End PBXNativeTarget section */

/* Begin PBXProject section */
		32F9BD6A18EC904C002195FC /* Project object */ = {
			isa = PBXProject;
			attributes = {
				CLASSPREFIX = CC;
				LastUpgradeCheck = 0510;
				ORGANIZATIONNAME = "Raz Labs";
				TargetAttributes = {
					32F9BD9518EC904C002195FC = {
						TestTargetID = 32F9BD7118EC904C002195FC;
					};
				};
			};
			buildConfigurationList = 32F9BD6D18EC904C002195FC /* Build configuration list for PBXProject "MatchedUp" */;
			compatibilityVersion = "Xcode 3.2";
			developmentRegion = English;
			hasScannedForEncodings = 0;
			knownRegions = (
				en,
				Base,
			);
			mainGroup = 32F9BD6918EC904C002195FC;
			productRefGroup = 32F9BD7318EC904C002195FC /* Products */;
			projectDirPath = "";
			projectRoot = "";
			targets = (
				32F9BD7118EC904C002195FC /* MatchedUp */,
				32F9BD9518EC904C002195FC /* MatchedUpTests */,
			);
		};
/* End PBXProject section */

/* Begin PBXResourcesBuildPhase section */
		32F9BD7018EC904C002195FC /* Resources */ = {
			isa = PBXResourcesBuildPhase;
			buildActionMask = 2147483647;
			files = (
				32DB749618FDE945002BD9F7 /* Facebook@2x.png in Resources */,
				32DB74AA18FDE945002BD9F7 /* User_Image@2x.png in Resources */,
				32DB74DA18FDE945002BD9F7 /* form@2x.png in Resources */,
				32DB74B718FDE945002BD9F7 /* InfoIcon.png in Resources */,
				32DB74C818FDE945002BD9F7 /* VP_BG@2x.png in Resources */,
				32DB74DE18FDE945002BD9F7 /* Send_Bar_BG@2x.png in Resources */,
				32DB74D618FDE945002BD9F7 /* back-icon@2x.png in Resources */,
				32DB74A518FDE945002BD9F7 /* SettingIcon.png in Resources */,
				32DB74F018FDE945002BD9F7 /* Top_NavBG@2x.png in Resources */,
				32DB74AC18FDE945002BD9F7 /* VP_BG@2x.png in Resources */,
				32DB751D18FDE945002BD9F7 /* Icon-Small-50@2x.png in Resources */,
				32DB74F118FDE945002BD9F7 /* About_BG.png in Resources */,
				32DB74A918FDE945002BD9F7 /* User_Image.png in Resources */,
				32DB750B18FDE945002BD9F7 /* Icon-72@2x.png in Resources */,
				32DB74A718FDE945002BD9F7 /* Top_NavBG.png in Resources */,
				32DB74A018FDE945002BD9F7 /* InfoIcon@2x.png in Resources */,
				32DB74F518FDE945002BD9F7 /* BG.png in Resources */,
				32DB74E818FDE945002BD9F7 /* EditProfile@2x.png in Resources */,
				32DB749818FDE945002BD9F7 /* Logo@2x.png in Resources */,
				32DB74CC18FDE945002BD9F7 /* BG@2x.png in Resources */,
				32DB74FD18FDE945002BD9F7 /* UserImage.png in Resources */,
				32DB74B618FDE945002BD9F7 /* DislikeIcon@2x.png in Resources */,
				32DB74EE18FDE945002BD9F7 /* SettingIcon@2x.png in Resources */,
				32DB749F18FDE945002BD9F7 /* InfoIcon.png in Resources */,
				32DB74A618FDE945002BD9F7 /* SettingIcon@2x.png in Resources */,
				32DB74B218FDE945002BD9F7 /* BG@2x.png in Resources */,
				32DB750518FDE945002BD9F7 /* ChatIcon.png in Resources */,
				32DB74B918FDE945002BD9F7 /* LikeIcon.png in Resources */,
				32DB751018FDE945002BD9F7 /* Icon.png in Resources */,
				32DB74C318FDE945002BD9F7 /* StatusIcon.png in Resources */,
				32DB74D118FDE945002BD9F7 /* SettingIcon.png in Resources */,
				32DB750E18FDE945002BD9F7 /* Icon-Small.png in Resources */,
				32DB74D018FDE945002BD9F7 /* menu-icon@2x.png in Resources */,
				32DB74B118FDE945002BD9F7 /* BG.png in Resources */,
				32DB749918FDE945002BD9F7 /* BG.png in Resources */,
				32DB74D418FDE945002BD9F7 /* Top_NavBG@2x.png in Resources */,
				32DB749318FDE945002BD9F7 /* BG.png in Resources */,
				32DB74CA18FDE945002BD9F7 /* back-icon@2x.png in Resources */,
				32DB74F318FDE945002BD9F7 /* back-icon.png in Resources */,
				32DB750618FDE945002BD9F7 /* ChatIcon@2x.png in Resources */,
				32DB752418FDE945002BD9F7 /* Matched_Up_DesignV3_red.pdf in Resources */,
				32DB74A218FDE945002BD9F7 /* LikeIcon@2x.png in Resources */,
				32DB74D718FDE945002BD9F7 /* BG.png in Resources */,
				32DB74E318FDE945002BD9F7 /* back-icon.png in Resources */,
				32DB751A18FDE945002BD9F7 /* Icon-76.png in Resources */,
				32DB74CD18FDE945002BD9F7 /* Chat_user.png in Resources */,
				32DB74BD18FDE945002BD9F7 /* NameAgeStatusBar.png in Resources */,
				32DB74E418FDE945002BD9F7 /* back-icon@2x.png in Resources */,
				32DB74F218FDE945002BD9F7 /* About_BG@2x.png in Resources */,
				32DB749B18FDE945002BD9F7 /* ChatIcon.png in Resources */,
				32DB74B518FDE945002BD9F7 /* DislikeIcon.png in Resources */,
				32DB74D918FDE945002BD9F7 /* form.png in Resources */,
				32DB74EF18FDE945002BD9F7 /* Top_NavBG.png in Resources */,
				32DB750218FDE945002BD9F7 /* Close-Button@2x.png in Resources */,
				32DB74B018FDE945002BD9F7 /* AgeIcon@2x.png in Resources */,
				32E16A0F18F1EB8B0050882A /* cat1.jpg in Resources */,
				32DB751B18FDE945002BD9F7 /* Icon-76@2x.png in Resources */,
				32DB74FA18FDE945002BD9F7 /* SettingIcon@2x.png in Resources */,
				32DB74C618FDE945002BD9F7 /* UserImage@2x.png in Resources */,
				32F005CF18FC7477008BD286 /* defaultPrefsFile.plist in Resources */,
				32DB750D18FDE945002BD9F7 /* Icon-Small-50@2x.png in Resources */,
				32DB749418FDE945002BD9F7 /* BG@2x.png in Resources */,
				32DB749D18FDE945002BD9F7 /* DislikeIcon.png in Resources */,
				32DB751718FDE945002BD9F7 /* Icon-60@2x.png in Resources */,
				32DB74AD18FDE945002BD9F7 /* About_BG.png in Resources */,
				32DB74EA18FDE945002BD9F7 /* Logout@2x.png in Resources */,
				32DB751E18FDE945002BD9F7 /* Icon-Small.png in Resources */,
				32DB74B318FDE945002BD9F7 /* ChatIcon.png in Resources */,
				32DB74DB18FDE945002BD9F7 /* menu-icon.png in Resources */,
				32DB74BC18FDE945002BD9F7 /* location@2x.png in Resources */,
				32DB752218FDE945002BD9F7 /* iTunesArtwork.png in Resources */,
				32DB74FB18FDE945002BD9F7 /* Top_NavBG.png in Resources */,
				32DB749118FDE945002BD9F7 /* BG.png in Resources */,
				32DB74C218FDE945002BD9F7 /* Single@2x.png in Resources */,
				32DB74F918FDE945002BD9F7 /* SettingIcon.png in Resources */,
				32DB750918FDE945002BD9F7 /* 1024_icon-1-01.png in Resources */,
				32DB74AE18FDE945002BD9F7 /* About_BG@2x.png in Resources */,
				32DB74F618FDE945002BD9F7 /* BG@2x.png in Resources */,
				32DB74A318FDE945002BD9F7 /* Matched-Up.png in Resources */,
				32DB74D818FDE945002BD9F7 /* BG@2x.png in Resources */,
				32DB752318FDE945002BD9F7 /* iTunesArtwork@2x.png in Resources */,
				32DB751918FDE945002BD9F7 /* Icon-72@2x.png in Resources */,
				32DB74E218FDE945002BD9F7 /* Top_NavBG@2x.png in Resources */,
				32DB750318FDE945002BD9F7 /* back-icon.png in Resources */,
				32DB750118FDE945002BD9F7 /* Close-Button.png in Resources */,
				32DB750718FDE945002BD9F7 /* SettingIcon.png in Resources */,
				32DB74CF18FDE945002BD9F7 /* menu-icon.png in Resources */,
				32DB74FC18FDE945002BD9F7 /* Top_NavBG@2x.png in Resources */,
				32DB74E618FDE945002BD9F7 /* BG@2x.png in Resources */,
				32DB74BA18FDE945002BD9F7 /* LikeIcon@2x.png in Resources */,
				32DB751118FDE945002BD9F7 /* Icon@2x.png in Resources */,
				32DB74ED18FDE945002BD9F7 /* SettingIcon.png in Resources */,
				32DB74CB18FDE945002BD9F7 /* BG.png in Resources */,
				32DB750C18FDE945002BD9F7 /* Icon-Small-50.png in Resources */,
				32DB74D318FDE945002BD9F7 /* Top_NavBG.png in Resources */,
				32E16A1018F1EB8B0050882A /* cat2.jpg in Resources */,
				32DB74AB18FDE945002BD9F7 /* VP_BG.png in Resources */,
				32DB74C918FDE945002BD9F7 /* back-icon.png in Resources */,
				32DB74BF18FDE945002BD9F7 /* SettingIcon.png in Resources */,
				32DB74FE18FDE945002BD9F7 /* UserImage@2x.png in Resources */,
				32DB751318FDE945002BD9F7 /* iTunesArtwork@2x.png in Resources */,
				32DB74B818FDE945002BD9F7 /* InfoIcon@2x.png in Resources */,
				32DB74C718FDE945002BD9F7 /* VP_BG.png in Resources */,
				32DB750418FDE945002BD9F7 /* back-icon@2x.png in Resources */,
				32DB74A118FDE945002BD9F7 /* LikeIcon.png in Resources */,
				32DB74C018FDE945002BD9F7 /* SettingIcon@2x.png in Resources */,
				32DB74E718FDE945002BD9F7 /* EditProfile.png in Resources */,
				32DB752018FDE945002BD9F7 /* Icon.png in Resources */,
				32DB74FF18FDE945002BD9F7 /* ChatNow_Icon.png in Resources */,
				32DB74F818FDE945002BD9F7 /* menu-icon@2x.png in Resources */,
				32DB74C418FDE945002BD9F7 /* StatusIcon@2x.png in Resources */,
				32DB751618FDE945002BD9F7 /* Icon-60.png in Resources */,
				32DB74D518FDE945002BD9F7 /* back-icon.png in Resources */,
				32DB74E018FDE945002BD9F7 /* SettingIcon@2x.png in Resources */,
				32DB751218FDE945002BD9F7 /* iTunesArtwork.png in Resources */,
				32DB749C18FDE945002BD9F7 /* ChatIcon@2x.png in Resources */,
				32F9BD9118EC904C002195FC /* Images.xcassets in Resources */,
				32DB749A18FDE945002BD9F7 /* BG@2x.png in Resources */,
				32DB74EC18FDE945002BD9F7 /* menu-icon@2x.png in Resources */,
				32DB74A418FDE945002BD9F7 /* Matched-Up@2x.png in Resources */,
				32DB751518FDE945002BD9F7 /* Icon-40@2x.png in Resources */,
				32DB74DF18FDE945002BD9F7 /* SettingIcon.png in Resources */,
				32DB751818FDE945002BD9F7 /* Icon-72.png in Resources */,
				32DB74A818FDE945002BD9F7 /* Top_NavBG@2x.png in Resources */,
				32DB749718FDE945002BD9F7 /* Logo.png in Resources */,
				32DB749218FDE945002BD9F7 /* BG@2x.png in Resources */,
				32DB750018FDE945002BD9F7 /* ChatNow_Icon@2x.png in Resources */,
				32DB751F18FDE945002BD9F7 /* Icon-Small@2x.png in Resources */,
				32DB74BB18FDE945002BD9F7 /* location.png in Resources */,
				32DB750A18FDE945002BD9F7 /* Icon-72.png in Resources */,
				32DB751418FDE945002BD9F7 /* Icon-40.png in Resources */,
				32DB74C518FDE945002BD9F7 /* UserImage.png in Resources */,
				32DB752118FDE945002BD9F7 /* Icon@2x.png in Resources */,
				32DB74EB18FDE945002BD9F7 /* menu-icon.png in Resources */,
				32DB74CE18FDE945002BD9F7 /* Chat_user@2x.png in Resources */,
				32DB74E518FDE945002BD9F7 /* BG.png in Resources */,
				32DB74DC18FDE945002BD9F7 /* menu-icon@2x.png in Resources */,
				32DB750818FDE945002BD9F7 /* SettingIcon@2x.png in Resources */,
				32F9BD8018EC904C002195FC /* InfoPlist.strings in Resources */,
				32DB74D218FDE945002BD9F7 /* SettingIcon@2x.png in Resources */,
				32DB749E18FDE945002BD9F7 /* DislikeIcon@2x.png in Resources */,
				32DB74F418FDE945002BD9F7 /* back-icon@2x.png in Resources */,
				32DB74F718FDE945002BD9F7 /* menu-icon.png in Resources */,
				32DB74B418FDE945002BD9F7 /* ChatIcon@2x.png in Resources */,
				32DB74E918FDE945002BD9F7 /* Logout.png in Resources */,
				32DB74E118FDE945002BD9F7 /* Top_NavBG.png in Resources */,
				32DB749518FDE945002BD9F7 /* Facebook.png in Resources */,
				32DB750F18FDE945002BD9F7 /* Icon-Small@2x.png in Resources */,
				32E16A1118F1EB8B0050882A /* cat3.jpg in Resources */,
				32DB751C18FDE945002BD9F7 /* Icon-Small-50.png in Resources */,
				32DB74AF18FDE945002BD9F7 /* AgeIcon.png in Resources */,
				32DB74DD18FDE945002BD9F7 /* Send_Bar_BG.png in Resources */,
				32F9BD8918EC904C002195FC /* Main.storyboard in Resources */,
				32DB74BE18FDE945002BD9F7 /* NameAgeStatusBar@2x.png in Resources */,
				32DB74C118FDE945002BD9F7 /* Single.png in Resources */,
			);
			runOnlyForDeploymentPostprocessing = 0;
		};
		32F9BD9418EC904C002195FC /* Resources */ = {
			isa = PBXResourcesBuildPhase;
			buildActionMask = 2147483647;
			files = (
				32F9BDA218EC904C002195FC /* InfoPlist.strings in Resources */,
			);
			runOnlyForDeploymentPostprocessing = 0;
		};
/* End PBXResourcesBuildPhase section */

/* Begin PBXShellScriptBuildPhase section */
		92E4F4265A5C48BBBCF142DF /* Copy Pods Resources */ = {
			isa = PBXShellScriptBuildPhase;
			buildActionMask = 2147483647;
			files = (
			);
			inputPaths = (
			);
			name = "Copy Pods Resources";
			outputPaths = (
			);
			runOnlyForDeploymentPostprocessing = 0;
			shellPath = /bin/sh;
			shellScript = "\"${SRCROOT}/Pods/Pods-resources.sh\"\n";
			showEnvVarsInLog = 0;
		};
		B212CF86E0E541D1866A6E93 /* Check Pods Manifest.lock */ = {
			isa = PBXShellScriptBuildPhase;
			buildActionMask = 2147483647;
			files = (
			);
			inputPaths = (
			);
			name = "Check Pods Manifest.lock";
			outputPaths = (
			);
			runOnlyForDeploymentPostprocessing = 0;
			shellPath = /bin/sh;
			shellScript = "diff \"${PODS_ROOT}/../Podfile.lock\" \"${PODS_ROOT}/Manifest.lock\" > /dev/null\nif [[ $? != 0 ]] ; then\n    cat << EOM\nerror: The sandbox is not in sync with the Podfile.lock. Run 'pod install' or update your CocoaPods installation.\nEOM\n    exit 1\nfi\n";
			showEnvVarsInLog = 0;
		};
/* End PBXShellScriptBuildPhase section */

/* Begin PBXSourcesBuildPhase section */
		32F9BD6E18EC904C002195FC /* Sources */ = {
			isa = PBXSourcesBuildPhase;
			buildActionMask = 2147483647;
			files = (
				32F65E0318F36C9F000531CB /* CCMatchViewController.m in Sources */,
				32E16A0B18F1E9CB0050882A /* CCTestUser.m in Sources */,
				32DF2119190056CE00E4B4C9 /* CCTransitionAnimator.m in Sources */,
				320A310818F0567A00DFAC76 /* CCHomeViewController.m in Sources */,
				32E8474318EF4A63007FCBFE /* CCConstants.m in Sources */,
				320A311418F069BA00DFAC76 /* CCProfileViewController.m in Sources */,
				32FCBE0F18F482E3007682F6 /* CCMatchesViewController.m in Sources */,
				32F9BDAF18EC910E002195FC /* CCLoginViewController.m in Sources */,
				320A310C18F05FE400DFAC76 /* CCSettingsViewController.m in Sources */,
				32F9BD8618EC904C002195FC /* CCAppDelegate.m in Sources */,
				32F9BD8218EC904C002195FC /* main.m in Sources */,
				32FCBE1318F48552007682F6 /* CCChatViewController.m in Sources */,
				320A311018F0674B00DFAC76 /* CCEditProfileViewController.m in Sources */,
			);
			runOnlyForDeploymentPostprocessing = 0;
		};
		32F9BD9218EC904C002195FC /* Sources */ = {
			isa = PBXSourcesBuildPhase;
			buildActionMask = 2147483647;
			files = (
				32F9BDA418EC904C002195FC /* MatchedUpTests.m in Sources */,
			);
			runOnlyForDeploymentPostprocessing = 0;
		};
/* End PBXSourcesBuildPhase section */

/* Begin PBXTargetDependency section */
		32F9BD9C18EC904C002195FC /* PBXTargetDependency */ = {
			isa = PBXTargetDependency;
			target = 32F9BD7118EC904C002195FC /* MatchedUp */;
			targetProxy = 32F9BD9B18EC904C002195FC /* PBXContainerItemProxy */;
		};
/* End PBXTargetDependency section */

/* Begin PBXVariantGroup section */
		32F9BD7E18EC904C002195FC /* InfoPlist.strings */ = {
			isa = PBXVariantGroup;
			children = (
				32F9BD7F18EC904C002195FC /* en */,
			);
			name = InfoPlist.strings;
			sourceTree = "<group>";
		};
		32F9BD8718EC904C002195FC /* Main.storyboard */ = {
			isa = PBXVariantGroup;
			children = (
				32F9BD8818EC904C002195FC /* Base */,
			);
			name = Main.storyboard;
			sourceTree = "<group>";
		};
		32F9BDA018EC904C002195FC /* InfoPlist.strings */ = {
			isa = PBXVariantGroup;
			children = (
				32F9BDA118EC904C002195FC /* en */,
			);
			name = InfoPlist.strings;
			sourceTree = "<group>";
		};
/* End PBXVariantGroup section */

/* Begin XCBuildConfiguration section */
		32F9BDA518EC904C002195FC /* Debug */ = {
			isa = XCBuildConfiguration;
			buildSettings = {
				ALWAYS_SEARCH_USER_PATHS = NO;
				CLANG_CXX_LANGUAGE_STANDARD = "gnu++0x";
				CLANG_CXX_LIBRARY = "libc++";
				CLANG_ENABLE_MODULES = YES;
				CLANG_ENABLE_OBJC_ARC = YES;
				CLANG_WARN_BOOL_CONVERSION = YES;
				CLANG_WARN_CONSTANT_CONVERSION = YES;
				CLANG_WARN_DIRECT_OBJC_ISA_USAGE = YES_ERROR;
				CLANG_WARN_EMPTY_BODY = YES;
				CLANG_WARN_ENUM_CONVERSION = YES;
				CLANG_WARN_INT_CONVERSION = YES;
				CLANG_WARN_OBJC_ROOT_CLASS = YES_ERROR;
				CLANG_WARN__DUPLICATE_METHOD_MATCH = YES;
				"CODE_SIGN_IDENTITY[sdk=iphoneos*]" = "iPhone Developer";
				COPY_PHASE_STRIP = NO;
				GCC_C_LANGUAGE_STANDARD = gnu99;
				GCC_DYNAMIC_NO_PIC = NO;
				GCC_OPTIMIZATION_LEVEL = 0;
				GCC_PREPROCESSOR_DEFINITIONS = (
					"DEBUG=1",
					"$(inherited)",
				);
				GCC_SYMBOLS_PRIVATE_EXTERN = NO;
				GCC_WARN_64_TO_32_BIT_CONVERSION = YES;
				GCC_WARN_ABOUT_RETURN_TYPE = YES_ERROR;
				GCC_WARN_UNDECLARED_SELECTOR = YES;
				GCC_WARN_UNINITIALIZED_AUTOS = YES_AGGRESSIVE;
				GCC_WARN_UNUSED_FUNCTION = YES;
				GCC_WARN_UNUSED_VARIABLE = YES;
				IPHONEOS_DEPLOYMENT_TARGET = 7.1;
				ONLY_ACTIVE_ARCH = YES;
				SDKROOT = iphoneos;
			};
			name = Debug;
		};
		32F9BDA618EC904C002195FC /* Release */ = {
			isa = XCBuildConfiguration;
			buildSettings = {
				ALWAYS_SEARCH_USER_PATHS = NO;
				CLANG_CXX_LANGUAGE_STANDARD = "gnu++0x";
				CLANG_CXX_LIBRARY = "libc++";
				CLANG_ENABLE_MODULES = YES;
				CLANG_ENABLE_OBJC_ARC = YES;
				CLANG_WARN_BOOL_CONVERSION = YES;
				CLANG_WARN_CONSTANT_CONVERSION = YES;
				CLANG_WARN_DIRECT_OBJC_ISA_USAGE = YES_ERROR;
				CLANG_WARN_EMPTY_BODY = YES;
				CLANG_WARN_ENUM_CONVERSION = YES;
				CLANG_WARN_INT_CONVERSION = YES;
				CLANG_WARN_OBJC_ROOT_CLASS = YES_ERROR;
				CLANG_WARN__DUPLICATE_METHOD_MATCH = YES;
				"CODE_SIGN_IDENTITY[sdk=iphoneos*]" = "iPhone Developer";
				COPY_PHASE_STRIP = YES;
				ENABLE_NS_ASSERTIONS = NO;
				GCC_C_LANGUAGE_STANDARD = gnu99;
				GCC_WARN_64_TO_32_BIT_CONVERSION = YES;
				GCC_WARN_ABOUT_RETURN_TYPE = YES_ERROR;
				GCC_WARN_UNDECLARED_SELECTOR = YES;
				GCC_WARN_UNINITIALIZED_AUTOS = YES_AGGRESSIVE;
				GCC_WARN_UNUSED_FUNCTION = YES;
				GCC_WARN_UNUSED_VARIABLE = YES;
				IPHONEOS_DEPLOYMENT_TARGET = 7.1;
				SDKROOT = iphoneos;
				VALIDATE_PRODUCT = YES;
			};
			name = Release;
		};
		32F9BDA818EC904C002195FC /* Debug */ = {
			isa = XCBuildConfiguration;
			baseConfigurationReference = 90FADE8540FB4436A0B29463 /* Pods.xcconfig */;
			buildSettings = {
				ASSETCATALOG_COMPILER_APPICON_NAME = AppIcon;
				ASSETCATALOG_COMPILER_LAUNCHIMAGE_NAME = LaunchImage;
				GCC_PRECOMPILE_PREFIX_HEADER = YES;
				GCC_PREFIX_HEADER = "MatchedUp/MatchedUp-Prefix.pch";
				INFOPLIST_FILE = "MatchedUp/MatchedUp-Info.plist";
				PRODUCT_NAME = "$(TARGET_NAME)";
				WRAPPER_EXTENSION = app;
			};
			name = Debug;
		};
		32F9BDA918EC904C002195FC /* Release */ = {
			isa = XCBuildConfiguration;
			baseConfigurationReference = 90FADE8540FB4436A0B29463 /* Pods.xcconfig */;
			buildSettings = {
				ASSETCATALOG_COMPILER_APPICON_NAME = AppIcon;
				ASSETCATALOG_COMPILER_LAUNCHIMAGE_NAME = LaunchImage;
				GCC_PRECOMPILE_PREFIX_HEADER = YES;
				GCC_PREFIX_HEADER = "MatchedUp/MatchedUp-Prefix.pch";
				INFOPLIST_FILE = "MatchedUp/MatchedUp-Info.plist";
				PRODUCT_NAME = "$(TARGET_NAME)";
				WRAPPER_EXTENSION = app;
			};
			name = Release;
		};
		32F9BDAB18EC904C002195FC /* Debug */ = {
			isa = XCBuildConfiguration;
			buildSettings = {
				BUNDLE_LOADER = "$(BUILT_PRODUCTS_DIR)/MatchedUp.app/MatchedUp";
				FRAMEWORK_SEARCH_PATHS = (
					"$(SDKROOT)/Developer/Library/Frameworks",
					"$(inherited)",
					"$(DEVELOPER_FRAMEWORKS_DIR)",
				);
				GCC_PRECOMPILE_PREFIX_HEADER = YES;
				GCC_PREFIX_HEADER = "MatchedUp/MatchedUp-Prefix.pch";
				GCC_PREPROCESSOR_DEFINITIONS = (
					"DEBUG=1",
					"$(inherited)",
				);
				INFOPLIST_FILE = "MatchedUpTests/MatchedUpTests-Info.plist";
				PRODUCT_NAME = "$(TARGET_NAME)";
				TEST_HOST = "$(BUNDLE_LOADER)";
				WRAPPER_EXTENSION = xctest;
			};
			name = Debug;
		};
		32F9BDAC18EC904C002195FC /* Release */ = {
			isa = XCBuildConfiguration;
			buildSettings = {
				BUNDLE_LOADER = "$(BUILT_PRODUCTS_DIR)/MatchedUp.app/MatchedUp";
				FRAMEWORK_SEARCH_PATHS = (
					"$(SDKROOT)/Developer/Library/Frameworks",
					"$(inherited)",
					"$(DEVELOPER_FRAMEWORKS_DIR)",
				);
				GCC_PRECOMPILE_PREFIX_HEADER = YES;
				GCC_PREFIX_HEADER = "MatchedUp/MatchedUp-Prefix.pch";
				INFOPLIST_FILE = "MatchedUpTests/MatchedUpTests-Info.plist";
				PRODUCT_NAME = "$(TARGET_NAME)";
				TEST_HOST = "$(BUNDLE_LOADER)";
				WRAPPER_EXTENSION = xctest;
			};
			name = Release;
		};
/* End XCBuildConfiguration section */

/* Begin XCConfigurationList section */
		32F9BD6D18EC904C002195FC /* Build configuration list for PBXProject "MatchedUp" */ = {
			isa = XCConfigurationList;
			buildConfigurations = (
				32F9BDA518EC904C002195FC /* Debug */,
				32F9BDA618EC904C002195FC /* Release */,
			);
			defaultConfigurationIsVisible = 0;
			defaultConfigurationName = Release;
		};
		32F9BDA718EC904C002195FC /* Build configuration list for PBXNativeTarget "MatchedUp" */ = {
			isa = XCConfigurationList;
			buildConfigurations = (
				32F9BDA818EC904C002195FC /* Debug */,
				32F9BDA918EC904C002195FC /* Release */,
			);
			defaultConfigurationIsVisible = 0;
			defaultConfigurationName = Release;
		};
		32F9BDAA18EC904C002195FC /* Build configuration list for PBXNativeTarget "MatchedUpTests" */ = {
			isa = XCConfigurationList;
			buildConfigurations = (
				32F9BDAB18EC904C002195FC /* Debug */,
				32F9BDAC18EC904C002195FC /* Release */,
			);
			defaultConfigurationIsVisible = 0;
			defaultConfigurationName = Release;
		};
/* End XCConfigurationList section */
	};
	rootObject = 32F9BD6A18EC904C002195FC /* Project object */;
}
